// !$*UTF8*$!
{
	archiveVersion = 1;
	classes = {
	};
	objectVersion = 42;
	objects = {

/* Begin PBXBuildFile section */
		4B05EEE308840EA800D809E1 /* ImportArtNoStrip.cpp in Sources */ = {isa = PBXBuildFile; fileRef = 4B05EECD08840E9300D809E1 /* ImportArtNoStrip.cpp */; };
		4B05EEE408840EA800D809E1 /* ImportArtID.cpp in Sources */ = {isa = PBXBuildFile; fileRef = 4B05EECE08840E9400D809E1 /* ImportArtID.cpp */; };
		4B05EEE608840EA800D809E1 /* ImportArt.fr in Sources */ = {isa = PBXBuildFile; fileRef = 4B05EED108840E9500D809E1 /* ImportArt.fr */; };
		4B05EEEC08840EA800D809E1 /* SDKPlugInEntrypoint.cpp in Sources */ = {isa = PBXBuildFile; fileRef = 4B05EECC08840E9200D809E1 /* SDKPlugInEntrypoint.cpp */; };
		4B05EEF008840EA800D809E1 /* ImportArtNoStrip.cpp in Sources */ = {isa = PBXBuildFile; fileRef = 4B05EECD08840E9300D809E1 /* ImportArtNoStrip.cpp */; };
		4B05EEF108840EA800D809E1 /* ImportArtID.cpp in Sources */ = {isa = PBXBuildFile; fileRef = 4B05EECE08840E9400D809E1 /* ImportArtID.cpp */; };
		4B05EEF308840EA800D809E1 /* ImportArt.fr in Sources */ = {isa = PBXBuildFile; fileRef = 4B05EED108840E9500D809E1 /* ImportArt.fr */; };
		4B05EEF908840EA800D809E1 /* SDKPlugInEntrypoint.cpp in Sources */ = {isa = PBXBuildFile; fileRef = 4B05EECC08840E9200D809E1 /* SDKPlugInEntrypoint.cpp */; };
		4B05EEFE08840EAB00D809E1 /* InDesignModelAndUI.framework in Frameworks */ = {isa = PBXBuildFile; fileRef = 4B05EEFD08840EAB00D809E1 /* InDesignModelAndUI.framework */; };
		4B05EF0008840EAB00D809E1 /* Carbon.framework in Frameworks */ = {isa = PBXBuildFile; fileRef = 4B05EEFF08840EAB00D809E1 /* Carbon.framework */; };
		4B05EF0208840EAD00D809E1 /* InDesignModelAndUI.framework in Frameworks */ = {isa = PBXBuildFile; fileRef = 4B05EF0108840EAD00D809E1 /* InDesignModelAndUI.framework */; };
		4B05EF0308840EAD00D809E1 /* Carbon.framework in Frameworks */ = {isa = PBXBuildFile; fileRef = 4B05EEFF08840EAB00D809E1 /* Carbon.framework */; };
		678CE44709169D2700ED7B84 /* ImportArt.fr.rsrc in Rez */ = {isa = PBXBuildFile; fileRef = 678CE44609169D2700ED7B84 /* ImportArt.fr.rsrc */; };
		67A8CF500905BA12008F0AC5 /* ImportArt.fr.rsrc in Rez */ = {isa = PBXBuildFile; fileRef = 67A8CF4F0905BA12008F0AC5 /* ImportArt.fr.rsrc */; };
		91BCEE4E13319D1B0089D11F /* CL_Art_Importer_InDesign.cpp in Sources */ = {isa = PBXBuildFile; fileRef = 91BCEE4D13319D1B0089D11F /* CL_Art_Importer_InDesign.cpp */; };
		91BCEE4F13319D1B0089D11F /* CL_Art_Importer_InDesign.cpp in Sources */ = {isa = PBXBuildFile; fileRef = 91BCEE4D13319D1B0089D11F /* CL_Art_Importer_InDesign.cpp */; };
		91E2974C133FD6A700222E72 /* CL_Display_Ad.cpp in Sources */ = {isa = PBXBuildFile; fileRef = 91E2974B133FD6A700222E72 /* CL_Display_Ad.cpp */; };
		91E2974D133FD6A700222E72 /* CL_Display_Ad.cpp in Sources */ = {isa = PBXBuildFile; fileRef = 91E2974B133FD6A700222E72 /* CL_Display_Ad.cpp */; };
		91E29757133FD8EF00222E72 /* Basic_Display_Ad.cpp in Sources */ = {isa = PBXBuildFile; fileRef = 91E29756133FD8EF00222E72 /* Basic_Display_Ad.cpp */; };
		91E29758133FD8EF00222E72 /* Basic_Display_Ad.cpp in Sources */ = {isa = PBXBuildFile; fileRef = 91E29756133FD8EF00222E72 /* Basic_Display_Ad.cpp */; };
		91E29769133FD95300222E72 /* SnpGraphicHelper.cpp in Sources */ = {isa = PBXBuildFile; fileRef = 91E29761133FD95300222E72 /* SnpGraphicHelper.cpp */; };
		91E2976A133FD95300222E72 /* SDKLayoutHelper.cpp in Sources */ = {isa = PBXBuildFile; fileRef = 91E29763133FD95300222E72 /* SDKLayoutHelper.cpp */; };
		91E2976B133FD95300222E72 /* SnpTextModelHelper.cpp in Sources */ = {isa = PBXBuildFile; fileRef = 91E29765133FD95300222E72 /* SnpTextModelHelper.cpp */; };
		91E2976C133FD95300222E72 /* SDKFileHelper.cpp in Sources */ = {isa = PBXBuildFile; fileRef = 91E29767133FD95300222E72 /* SDKFileHelper.cpp */; };
		91E2976D133FD95300222E72 /* SnpGraphicHelper.cpp in Sources */ = {isa = PBXBuildFile; fileRef = 91E29761133FD95300222E72 /* SnpGraphicHelper.cpp */; };
		91E2976E133FD95300222E72 /* SDKLayoutHelper.cpp in Sources */ = {isa = PBXBuildFile; fileRef = 91E29763133FD95300222E72 /* SDKLayoutHelper.cpp */; };
		91E2976F133FD95300222E72 /* SnpTextModelHelper.cpp in Sources */ = {isa = PBXBuildFile; fileRef = 91E29765133FD95300222E72 /* SnpTextModelHelper.cpp */; };
		91E29770133FD95300222E72 /* SDKFileHelper.cpp in Sources */ = {isa = PBXBuildFile; fileRef = 91E29767133FD95300222E72 /* SDKFileHelper.cpp */; };
		91E297C4133FF38700222E72 /* Basic_Page.cpp in Sources */ = {isa = PBXBuildFile; fileRef = 91E297C2133FF38700222E72 /* Basic_Page.cpp */; };
		91E297C5133FF38700222E72 /* runarounds.cpp in Sources */ = {isa = PBXBuildFile; fileRef = 91E297C3133FF38700222E72 /* runarounds.cpp */; };
		91E297C6133FF38700222E72 /* Basic_Page.cpp in Sources */ = {isa = PBXBuildFile; fileRef = 91E297C2133FF38700222E72 /* Basic_Page.cpp */; };
		91E297C7133FF38700222E72 /* runarounds.cpp in Sources */ = {isa = PBXBuildFile; fileRef = 91E297C3133FF38700222E72 /* runarounds.cpp */; };
		91F1D17413382BA60009527D /* CL_NewsCAD_Prefs.cpp in Sources */ = {isa = PBXBuildFile; fileRef = 91F1D17213382BA60009527D /* CL_NewsCAD_Prefs.cpp */; };
		91F1D17513382BA60009527D /* CL_NewsCAD_Prefs.cpp in Sources */ = {isa = PBXBuildFile; fileRef = 91F1D17213382BA60009527D /* CL_NewsCAD_Prefs.cpp */; };
		91F1D18013382BB10009527D /* buffer.cpp in Sources */ = {isa = PBXBuildFile; fileRef = 91F1D17713382BB10009527D /* buffer.cpp */; };
		91F1D18113382BB10009527D /* parser.cpp in Sources */ = {isa = PBXBuildFile; fileRef = 91F1D17A13382BB10009527D /* parser.cpp */; };
		91F1D18213382BB10009527D /* scanner.cpp in Sources */ = {isa = PBXBuildFile; fileRef = 91F1D17C13382BB10009527D /* scanner.cpp */; };
		91F1D18313382BB10009527D /* token.cpp in Sources */ = {isa = PBXBuildFile; fileRef = 91F1D17E13382BB10009527D /* token.cpp */; };
		91F1D18413382BB10009527D /* buffer.cpp in Sources */ = {isa = PBXBuildFile; fileRef = 91F1D17713382BB10009527D /* buffer.cpp */; };
		91F1D18513382BB10009527D /* parser.cpp in Sources */ = {isa = PBXBuildFile; fileRef = 91F1D17A13382BB10009527D /* parser.cpp */; };
		91F1D18613382BB10009527D /* scanner.cpp in Sources */ = {isa = PBXBuildFile; fileRef = 91F1D17C13382BB10009527D /* scanner.cpp */; };
		91F1D18713382BB10009527D /* token.cpp in Sources */ = {isa = PBXBuildFile; fileRef = 91F1D17E13382BB10009527D /* token.cpp */; };
		91F1D199133833AD0009527D /* CL_Log_File.cpp in Sources */ = {isa = PBXBuildFile; fileRef = 91F1D195133833AD0009527D /* CL_Log_File.cpp */; };
		91F1D19A133833AD0009527D /* XT_Assert.cpp in Sources */ = {isa = PBXBuildFile; fileRef = 91F1D197133833AD0009527D /* XT_Assert.cpp */; };
		91F1D19B133833AD0009527D /* CL_Log_File.cpp in Sources */ = {isa = PBXBuildFile; fileRef = 91F1D195133833AD0009527D /* CL_Log_File.cpp */; };
		91F1D19C133833AD0009527D /* XT_Assert.cpp in Sources */ = {isa = PBXBuildFile; fileRef = 91F1D197133833AD0009527D /* XT_Assert.cpp */; };
		91F1D1A5133834190009527D /* global_data.cpp in Sources */ = {isa = PBXBuildFile; fileRef = 91F1D1A4133834190009527D /* global_data.cpp */; };
		91F1D1A6133834190009527D /* global_data.cpp in Sources */ = {isa = PBXBuildFile; fileRef = 91F1D1A4133834190009527D /* global_data.cpp */; };
		91F1D1AC1338348A0009527D /* CL_NewsCadRect_ID.cpp in Sources */ = {isa = PBXBuildFile; fileRef = 91F1D1AB1338348A0009527D /* CL_NewsCadRect_ID.cpp */; };
		91F1D1AD1338348A0009527D /* CL_NewsCadRect_ID.cpp in Sources */ = {isa = PBXBuildFile; fileRef = 91F1D1AB1338348A0009527D /* CL_NewsCadRect_ID.cpp */; };
		91F8204C1320853C00D8DC9D /* ImportArtFiles.cpp in Sources */ = {isa = PBXBuildFile; fileRef = 91F8204B1320853C00D8DC9D /* ImportArtFiles.cpp */; };
		91F8204D1320853C00D8DC9D /* ImportArtFiles.cpp in Sources */ = {isa = PBXBuildFile; fileRef = 91F8204B1320853C00D8DC9D /* ImportArtFiles.cpp */; };
		CB57CB59086C9F0F0055B760 /* libPublicPlugIn.a in Frameworks */ = {isa = PBXBuildFile; fileRef = CB57CB58086C9F0F0055B760 /* libPublicPlugIn.a */; };
		CB57CC2E086CC5EC0055B760 /* libPublicPlugIn.a in Frameworks */ = {isa = PBXBuildFile; fileRef = CB57CC2D086CC5EC0055B760 /* libPublicPlugIn.a */; };
/* End PBXBuildFile section */

/* Begin PBXBuildRule section */
		0B44966A088C66F500230491 /* PBXBuildRule */ = {
			isa = PBXBuildRule;
			compilerSpec = com.apple.compilers.proxy.script;
			filePatterns = "*.fr";
			fileType = pattern.proxy;
			isEditable = 1;
			outputFiles = (
				"$(REZ_COLLECTOR_DIR)/$(INPUT_FILE_NAME).rsrc",
			);
			script = "\"../../../devtools/bin/odfrc-cmd\" -d RELEASE -d MACINTOSH -d __GNUC__ -o \"$REZ_COLLECTOR_DIR/$INPUT_FILE_NAME.rsrc\" \"$INPUT_FILE_PATH\"";
		};
		4B44966A088C66F500230491 /* PBXBuildRule */ = {
			isa = PBXBuildRule;
			compilerSpec = com.apple.compilers.proxy.script;
			filePatterns = "*.fr";
			fileType = pattern.proxy;
			isEditable = 1;
			outputFiles = (
				"$(REZ_COLLECTOR_DIR)/$(INPUT_FILE_NAME).rsrc",
			);
			script = "\"../../../devtools/bin/odfrc-cmd\" -d DEBUG -d MACINTOSH -d __GNUC__ -o \"$REZ_COLLECTOR_DIR/$INPUT_FILE_NAME.rsrc\" \"$INPUT_FILE_PATH\"";
		};
/* End PBXBuildRule section */

/* Begin PBXFileReference section */
		4B05EEBA08840E8D00D809E1 /* ImportArtFiles.InDesignPlugin */ = {isa = PBXFileReference; explicitFileType = wrapper.framework; includeInIndex = 0; path = ImportArtFiles.InDesignPlugin; sourceTree = BUILT_PRODUCTS_DIR; };
		4B05EEC208840E8D00D809E1 /* ImportArtFiles.InDesignPlugin */ = {isa = PBXFileReference; explicitFileType = wrapper.framework; includeInIndex = 0; path = ImportArtFiles.InDesignPlugin; sourceTree = BUILT_PRODUCTS_DIR; };
		4B05EECC08840E9200D809E1 /* SDKPlugInEntrypoint.cpp */ = {isa = PBXFileReference; lastKnownFileType = sourcecode.cpp.cpp; name = SDKPlugInEntrypoint.cpp; path = ../../../source/sdksamples/common/SDKPlugInEntrypoint.cpp; sourceTree = SOURCE_ROOT; };
		4B05EECD08840E9300D809E1 /* ImportArtNoStrip.cpp */ = {isa = PBXFileReference; lastKnownFileType = sourcecode.cpp.cpp; name = ImportArtNoStrip.cpp; path = ../import_art_files/source/ImportArtNoStrip.cpp; sourceTree = SOURCE_ROOT; };
		4B05EECE08840E9400D809E1 /* ImportArtID.cpp */ = {isa = PBXFileReference; lastKnownFileType = sourcecode.cpp.cpp; name = ImportArtID.cpp; path = ../import_art_files/source/ImportArtID.cpp; sourceTree = SOURCE_ROOT; };
		4B05EECF08840E9400D809E1 /* ImportArtID.h */ = {isa = PBXFileReference; lastKnownFileType = sourcecode.c.h; name = ImportArtID.h; path = ../import_art_files/headers/ImportArtID.h; sourceTree = SOURCE_ROOT; };
		4B05EED108840E9500D809E1 /* ImportArt.fr */ = {isa = PBXFileReference; lastKnownFileType = text; name = ImportArt.fr; path = ../import_art_files/source/ImportArt.fr; sourceTree = SOURCE_ROOT; };
		4B05EEFD08840EAB00D809E1 /* InDesignModelAndUI.framework */ = {isa = PBXFileReference; lastKnownFileType = wrapper.framework; name = InDesignModelAndUI.framework; path = ../../../build/mac/debug/packagefolder/contents/macos/InDesignModelAndUI.framework; sourceTree = SOURCE_ROOT; };
		4B05EEFF08840EAB00D809E1 /* Carbon.framework */ = {isa = PBXFileReference; lastKnownFileType = wrapper.framework; name = Carbon.framework; path = /System/Library/Frameworks/Carbon.framework; sourceTree = "<absolute>"; };
		4B05EF0108840EAD00D809E1 /* InDesignModelAndUI.framework */ = {isa = PBXFileReference; lastKnownFileType = wrapper.framework; name = InDesignModelAndUI.framework; path = ../../../build/mac/release/packagefolder/contents/macos/InDesignModelAndUI.framework; sourceTree = SOURCE_ROOT; };
		678CE44609169D2700ED7B84 /* ImportArt.fr.rsrc */ = {isa = PBXFileReference; lastKnownFileType = archive.rsrc; name = ImportArt.fr.rsrc; path = build/ImportArtFiles.build/Default/Release.build/ResourceManagerResources/ImportArt.fr.rsrc; sourceTree = "<group>"; };
		67A8CF4F0905BA12008F0AC5 /* ImportArt.fr.rsrc */ = {isa = PBXFileReference; lastKnownFileType = archive.rsrc; name = ImportArt.fr.rsrc; path = build/ImportArtFiles.build/Default/Debug.build/ResourceManagerResources/ImportArt.fr.rsrc; sourceTree = "<group>"; };
		7FE5845808AD6DB8007DB654 /* ImportArtFilesPlugin_release.xcconfig */ = {isa = PBXFileReference; fileEncoding = 30; lastKnownFileType = text.xcconfig; path = ImportArtFilesPlugin_release.xcconfig; sourceTree = SOURCE_ROOT; };
		7FE5845908AD6DB8007DB654 /* ImportArtFilesPlugin_debug.xcconfig */ = {isa = PBXFileReference; fileEncoding = 30; lastKnownFileType = text.xcconfig; path = ImportArtFilesPlugin_debug.xcconfig; sourceTree = SOURCE_ROOT; };
		7FE5845A08AD6DB8007DB654 /* ImportArtFilesPlugin.xcconfig */ = {isa = PBXFileReference; fileEncoding = 30; lastKnownFileType = text.xcconfig; path = ImportArtFilesPlugin.xcconfig; sourceTree = SOURCE_ROOT; };
		910719C3131C934900B5DF21 /* IAbstractArtImporter.h */ = {isa = PBXFileReference; fileEncoding = 4; lastKnownFileType = sourcecode.c.h; name = IAbstractArtImporter.h; path = ../IAbstractArtImporter.h; sourceTree = SOURCE_ROOT; };
		914F440F1315F7A100CD3135 /* newscad.h */ = {isa = PBXFileReference; fileEncoding = 4; lastKnownFileType = sourcecode.c.h; name = newscad.h; path = ../shared/newscad.h; sourceTree = SOURCE_ROOT; };
		91BCEE4C13319D1B0089D11F /* CL_Art_Importer_InDesign.h */ = {isa = PBXFileReference; fileEncoding = 4; lastKnownFileType = sourcecode.c.h; name = CL_Art_Importer_InDesign.h; path = source/CL_Art_Importer_InDesign.h; sourceTree = "<group>"; };
		91BCEE4D13319D1B0089D11F /* CL_Art_Importer_InDesign.cpp */ = {isa = PBXFileReference; fileEncoding = 4; lastKnownFileType = sourcecode.cpp.cpp; name = CL_Art_Importer_InDesign.cpp; path = source/CL_Art_Importer_InDesign.cpp; sourceTree = "<group>"; };
		91E2974A133FD6A700222E72 /* CL_Display_Ad.h */ = {isa = PBXFileReference; fileEncoding = 4; lastKnownFileType = sourcecode.c.h; name = CL_Display_Ad.h; path = ../import_ad_geometry/source/basic_classes/CL_Display_Ad.h; sourceTree = SOURCE_ROOT; };
		91E2974B133FD6A700222E72 /* CL_Display_Ad.cpp */ = {isa = PBXFileReference; fileEncoding = 4; lastKnownFileType = sourcecode.cpp.cpp; name = CL_Display_Ad.cpp; path = ../import_ad_geometry/source/basic_classes/CL_Display_Ad.cpp; sourceTree = SOURCE_ROOT; };
		91E29755133FD8EF00222E72 /* Basic_Display_Ad.h */ = {isa = PBXFileReference; fileEncoding = 4; lastKnownFileType = sourcecode.c.h; name = Basic_Display_Ad.h; path = ../shared/Basic_Display_Ad.h; sourceTree = SOURCE_ROOT; };
		91E29756133FD8EF00222E72 /* Basic_Display_Ad.cpp */ = {isa = PBXFileReference; fileEncoding = 4; lastKnownFileType = sourcecode.cpp.cpp; name = Basic_Display_Ad.cpp; path = ../shared/Basic_Display_Ad.cpp; sourceTree = SOURCE_ROOT; };
		91E29760133FD95300222E72 /* SnpGraphicHelper.h */ = {isa = PBXFileReference; fileEncoding = 4; lastKnownFileType = sourcecode.c.h; name = SnpGraphicHelper.h; path = ../../sdksamples/codesnippets/SnpGraphicHelper.h; sourceTree = SOURCE_ROOT; };
		91E29761133FD95300222E72 /* SnpGraphicHelper.cpp */ = {isa = PBXFileReference; fileEncoding = 4; lastKnownFileType = sourcecode.cpp.cpp; name = SnpGraphicHelper.cpp; path = ../../sdksamples/codesnippets/SnpGraphicHelper.cpp; sourceTree = SOURCE_ROOT; };
		91E29762133FD95300222E72 /* SDKLayoutHelper.h */ = {isa = PBXFileReference; fileEncoding = 4; lastKnownFileType = sourcecode.c.h; name = SDKLayoutHelper.h; path = ../../sdksamples/common/SDKLayoutHelper.h; sourceTree = SOURCE_ROOT; };
		91E29763133FD95300222E72 /* SDKLayoutHelper.cpp */ = {isa = PBXFileReference; fileEncoding = 4; lastKnownFileType = sourcecode.cpp.cpp; name = SDKLayoutHelper.cpp; path = ../../sdksamples/common/SDKLayoutHelper.cpp; sourceTree = SOURCE_ROOT; };
		91E29764133FD95300222E72 /* SnpTextModelHelper.h */ = {isa = PBXFileReference; fileEncoding = 4; lastKnownFileType = sourcecode.c.h; name = SnpTextModelHelper.h; path = ../../sdksamples/codesnippets/SnpTextModelHelper.h; sourceTree = SOURCE_ROOT; };
		91E29765133FD95300222E72 /* SnpTextModelHelper.cpp */ = {isa = PBXFileReference; fileEncoding = 4; lastKnownFileType = sourcecode.cpp.cpp; name = SnpTextModelHelper.cpp; path = ../../sdksamples/codesnippets/SnpTextModelHelper.cpp; sourceTree = SOURCE_ROOT; };
		91E29766133FD95300222E72 /* SnpTextAttrHelper.h */ = {isa = PBXFileReference; fileEncoding = 4; lastKnownFileType = sourcecode.c.h; name = SnpTextAttrHelper.h; path = ../../sdksamples/codesnippets/SnpTextAttrHelper.h; sourceTree = SOURCE_ROOT; };
		91E29767133FD95300222E72 /* SDKFileHelper.cpp */ = {isa = PBXFileReference; fileEncoding = 4; lastKnownFileType = sourcecode.cpp.cpp; name = SDKFileHelper.cpp; path = ../../sdksamples/common/SDKFileHelper.cpp; sourceTree = SOURCE_ROOT; };
		91E29768133FD95300222E72 /* SDKFileHelper.h */ = {isa = PBXFileReference; fileEncoding = 4; lastKnownFileType = sourcecode.c.h; name = SDKFileHelper.h; path = ../../sdksamples/common/SDKFileHelper.h; sourceTree = SOURCE_ROOT; };
		91E29772133FD9BE00222E72 /* tokenizer.hpp */ = {isa = PBXFileReference; fileEncoding = 4; lastKnownFileType = sourcecode.cpp.h; name = tokenizer.hpp; path = ../../../external/asl/boost_libraries/boost/tokenizer.hpp; sourceTree = SOURCE_ROOT; };
		91E297C1133FF38700222E72 /* Basic_Page.h */ = {isa = PBXFileReference; fileEncoding = 4; lastKnownFileType = sourcecode.c.h; name = Basic_Page.h; path = ../shared/Basic_Page.h; sourceTree = SOURCE_ROOT; };
		91E297C2133FF38700222E72 /* Basic_Page.cpp */ = {isa = PBXFileReference; fileEncoding = 4; lastKnownFileType = sourcecode.cpp.cpp; name = Basic_Page.cpp; path = ../shared/Basic_Page.cpp; sourceTree = SOURCE_ROOT; };
		91E297C3133FF38700222E72 /* runarounds.cpp */ = {isa = PBXFileReference; fileEncoding = 4; lastKnownFileType = sourcecode.cpp.cpp; name = runarounds.cpp; path = ../shared/runarounds.cpp; sourceTree = SOURCE_ROOT; };
		91F1D17113382BA60009527D /* CL_Abstract_Prefs.h */ = {isa = PBXFileReference; fileEncoding = 4; lastKnownFileType = sourcecode.c.h; path = CL_Abstract_Prefs.h; sourceTree = "<group>"; };
		91F1D17213382BA60009527D /* CL_NewsCAD_Prefs.cpp */ = {isa = PBXFileReference; fileEncoding = 4; lastKnownFileType = sourcecode.cpp.cpp; path = CL_NewsCAD_Prefs.cpp; sourceTree = "<group>"; };
		91F1D17313382BA60009527D /* CL_NewsCAD_Prefs.h */ = {isa = PBXFileReference; fileEncoding = 4; lastKnownFileType = sourcecode.c.h; path = CL_NewsCAD_Prefs.h; sourceTree = "<group>"; };
		91F1D17713382BB10009527D /* buffer.cpp */ = {isa = PBXFileReference; fileEncoding = 4; lastKnownFileType = sourcecode.cpp.cpp; path = buffer.cpp; sourceTree = "<group>"; };
		91F1D17813382BB10009527D /* buffer.h */ = {isa = PBXFileReference; fileEncoding = 4; lastKnownFileType = sourcecode.c.h; path = buffer.h; sourceTree = "<group>"; };
		91F1D17913382BB10009527D /* misc.h */ = {isa = PBXFileReference; fileEncoding = 4; lastKnownFileType = sourcecode.c.h; path = misc.h; sourceTree = "<group>"; };
		91F1D17A13382BB10009527D /* parser.cpp */ = {isa = PBXFileReference; fileEncoding = 4; lastKnownFileType = sourcecode.cpp.cpp; path = parser.cpp; sourceTree = "<group>"; };
		91F1D17B13382BB10009527D /* parser.h */ = {isa = PBXFileReference; fileEncoding = 4; lastKnownFileType = sourcecode.c.h; path = parser.h; sourceTree = "<group>"; };
		91F1D17C13382BB10009527D /* scanner.cpp */ = {isa = PBXFileReference; fileEncoding = 4; lastKnownFileType = sourcecode.cpp.cpp; path = scanner.cpp; sourceTree = "<group>"; };
		91F1D17D13382BB10009527D /* scanner.h */ = {isa = PBXFileReference; fileEncoding = 4; lastKnownFileType = sourcecode.c.h; path = scanner.h; sourceTree = "<group>"; };
		91F1D17E13382BB10009527D /* token.cpp */ = {isa = PBXFileReference; fileEncoding = 4; lastKnownFileType = sourcecode.cpp.cpp; path = token.cpp; sourceTree = "<group>"; };
		91F1D17F13382BB10009527D /* token.h */ = {isa = PBXFileReference; fileEncoding = 4; lastKnownFileType = sourcecode.c.h; path = token.h; sourceTree = "<group>"; };
		91F1D195133833AD0009527D /* CL_Log_File.cpp */ = {isa = PBXFileReference; fileEncoding = 4; lastKnownFileType = sourcecode.cpp.cpp; path = CL_Log_File.cpp; sourceTree = "<group>"; };
		91F1D196133833AD0009527D /* CL_Log_File.h */ = {isa = PBXFileReference; fileEncoding = 4; lastKnownFileType = sourcecode.c.h; path = CL_Log_File.h; sourceTree = "<group>"; };
		91F1D197133833AD0009527D /* XT_Assert.cpp */ = {isa = PBXFileReference; fileEncoding = 4; lastKnownFileType = sourcecode.cpp.cpp; path = XT_Assert.cpp; sourceTree = "<group>"; };
		91F1D198133833AD0009527D /* XT_Assert.h */ = {isa = PBXFileReference; fileEncoding = 4; lastKnownFileType = sourcecode.c.h; path = XT_Assert.h; sourceTree = "<group>"; };
		91F1D1A3133834190009527D /* global_data.h */ = {isa = PBXFileReference; fileEncoding = 4; lastKnownFileType = sourcecode.c.h; name = global_data.h; path = ../import_ad_geometry/headers/global_data.h; sourceTree = SOURCE_ROOT; };
		91F1D1A4133834190009527D /* global_data.cpp */ = {isa = PBXFileReference; fileEncoding = 4; lastKnownFileType = sourcecode.cpp.cpp; name = global_data.cpp; path = ../import_ad_geometry/source/global_data.cpp; sourceTree = SOURCE_ROOT; };
		91F1D1AA1338348A0009527D /* CL_NewsCadRect_ID.h */ = {isa = PBXFileReference; fileEncoding = 4; lastKnownFileType = sourcecode.c.h; name = CL_NewsCadRect_ID.h; path = ../import_ad_geometry/source/basic_classes/CL_NewsCadRect_ID.h; sourceTree = SOURCE_ROOT; };
		91F1D1AB1338348A0009527D /* CL_NewsCadRect_ID.cpp */ = {isa = PBXFileReference; fileEncoding = 4; lastKnownFileType = sourcecode.cpp.cpp; name = CL_NewsCadRect_ID.cpp; path = ../import_ad_geometry/source/basic_classes/CL_NewsCadRect_ID.cpp; sourceTree = SOURCE_ROOT; };
		91F8204B1320853C00D8DC9D /* ImportArtFiles.cpp */ = {isa = PBXFileReference; fileEncoding = 4; lastKnownFileType = sourcecode.cpp.cpp; name = ImportArtFiles.cpp; path = source/ImportArtFiles.cpp; sourceTree = "<group>"; };
		CB57CB58086C9F0F0055B760 /* libPublicPlugIn.a */ = {isa = PBXFileReference; lastKnownFileType = archive.ar; name = libPublicPlugIn.a; path = ../../../build/mac/debug/packagefolder/contents/macos/libs/libPublicPlugIn.a; sourceTree = SOURCE_ROOT; };
		CB57CC2D086CC5EC0055B760 /* libPublicPlugIn.a */ = {isa = PBXFileReference; lastKnownFileType = archive.ar; name = libPublicPlugIn.a; path = ../../../build/mac/release/packagefolder/contents/macos/libs/libPublicPlugIn.a; sourceTree = SOURCE_ROOT; };
/* End PBXFileReference section */

/* Begin PBXFrameworksBuildPhase section */
		4B05EEB708840E8D00D809E1 /* Frameworks */ = {
			isa = PBXFrameworksBuildPhase;
			buildActionMask = 2147483647;
			files = (
				CB57CB59086C9F0F0055B760 /* libPublicPlugIn.a in Frameworks */,
				4B05EEFE08840EAB00D809E1 /* InDesignModelAndUI.framework in Frameworks */,
				4B05EF0008840EAB00D809E1 /* Carbon.framework in Frameworks */,
			);
			runOnlyForDeploymentPostprocessing = 0;
		};
		4B05EEBF08840E8D00D809E1 /* Frameworks */ = {
			isa = PBXFrameworksBuildPhase;
			buildActionMask = 2147483647;
			files = (
				CB57CC2E086CC5EC0055B760 /* libPublicPlugIn.a in Frameworks */,
				4B05EF0208840EAD00D809E1 /* InDesignModelAndUI.framework in Frameworks */,
				4B05EF0308840EAD00D809E1 /* Carbon.framework in Frameworks */,
			);
			runOnlyForDeploymentPostprocessing = 0;
		};
/* End PBXFrameworksBuildPhase section */

/* Begin PBXGroup section */
		0B050A610883839D00D809E1 /* InDesign Libraries */ = {
			isa = PBXGroup;
			children = (
				0B57CB36086C95110055B760 /* Debug */,
				0B57CB35086C95090055B760 /* Release */,
			);
			name = "InDesign Libraries";
			sourceTree = "<group>";
		};
		0B57CB35086C95090055B760 /* Release */ = {
			isa = PBXGroup;
			children = (
				CB57CC2D086CC5EC0055B760 /* libPublicPlugIn.a */,
			);
			name = Release;
			sourceTree = "<group>";
		};
		0B57CB36086C95110055B760 /* Debug */ = {
			isa = PBXGroup;
			children = (
				CB57CB58086C9F0F0055B760 /* libPublicPlugIn.a */,
			);
			name = Debug;
			sourceTree = "<group>";
		};
		4B05EEAD08840E8D00D809E1 = {
			isa = PBXGroup;
			children = (
				4B05EEC708840E8D00D809E1 /* Source */,
				4B05EED008840E9400D809E1 /* Resources */,
				4B05EED308840E9600D809E1 /* Libraries */,
				4B05EEFC08840EAB00D809E1 /* Frameworks */,
				0B050A610883839D00D809E1 /* InDesign Libraries */,
				7F52248408AFCE1F00139994 /* xcconfig */,
				4B05EEBB08840E8D00D809E1 /* Products */,
			);
			sourceTree = "<group>";
		};
		4B05EEBB08840E8D00D809E1 /* Products */ = {
			isa = PBXGroup;
			children = (
				4B05EEBA08840E8D00D809E1 /* ImportArtFiles.InDesignPlugin */,
				4B05EEC208840E8D00D809E1 /* ImportArtFiles.InDesignPlugin */,
			);
			name = Products;
			sourceTree = "<group>";
		};
		4B05EEC708840E8D00D809E1 /* Source */ = {
			isa = PBXGroup;
			children = (
				914F440F1315F7A100CD3135 /* newscad.h */,
				91E29772133FD9BE00222E72 /* tokenizer.hpp */,
				91E2975F133FD95300222E72 /* adobe */,
				910719C3131C934900B5DF21 /* IAbstractArtImporter.h */,
				91F8204B1320853C00D8DC9D /* ImportArtFiles.cpp */,
				91BCEE4C13319D1B0089D11F /* CL_Art_Importer_InDesign.h */,
				91BCEE4D13319D1B0089D11F /* CL_Art_Importer_InDesign.cpp */,
				91F1D1A3133834190009527D /* global_data.h */,
				91F1D1A4133834190009527D /* global_data.cpp */,
				91F1D1AA1338348A0009527D /* CL_NewsCadRect_ID.h */,
				91F1D1AB1338348A0009527D /* CL_NewsCadRect_ID.cpp */,
				91E29755133FD8EF00222E72 /* Basic_Display_Ad.h */,
				91E29756133FD8EF00222E72 /* Basic_Display_Ad.cpp */,
				91E2974A133FD6A700222E72 /* CL_Display_Ad.h */,
				91E2974B133FD6A700222E72 /* CL_Display_Ad.cpp */,
				91E297C1133FF38700222E72 /* Basic_Page.h */,
				91E297C2133FF38700222E72 /* Basic_Page.cpp */,
				91E297C3133FF38700222E72 /* runarounds.cpp */,
				914F440C1315F71900CD3135 /* shared */,
				4B05EECB08840E9100D809E1 /* Plugin */,
			);
			name = Source;
			sourceTree = "<group>";
		};
		4B05EECB08840E9100D809E1 /* Plugin */ = {
			isa = PBXGroup;
			children = (
				4B05EECC08840E9200D809E1 /* SDKPlugInEntrypoint.cpp */,
				4B05EECD08840E9300D809E1 /* ImportArtNoStrip.cpp */,
				4B05EECF08840E9400D809E1 /* ImportArtID.h */,
				4B05EECE08840E9400D809E1 /* ImportArtID.cpp */,
			);
			name = Plugin;
			sourceTree = "<group>";
		};
		4B05EED008840E9400D809E1 /* Resources */ = {
			isa = PBXGroup;
			children = (
				67A8CF4F0905BA12008F0AC5 /* ImportArt.fr.rsrc */,
				678CE44609169D2700ED7B84 /* ImportArt.fr.rsrc */,
				4B05EED108840E9500D809E1 /* ImportArt.fr */,
			);
			name = Resources;
			sourceTree = "<group>";
		};
		4B05EED308840E9600D809E1 /* Libraries */ = {
			isa = PBXGroup;
			children = (
				4B05EED408840E9600D809E1 /* API */,
				4B05EED908840E9C00D809E1 /* Compiler */,
				4B05EEE008840EA300D809E1 /* System */,
			);
			name = Libraries;
			sourceTree = "<group>";
		};
		4B05EED408840E9600D809E1 /* API */ = {
			isa = PBXGroup;
			children = (
				4B05EED508840E9600D809E1 /* Debug */,
				4B05EED708840E9900D809E1 /* Release */,
			);
			name = API;
			sourceTree = "<group>";
		};
		4B05EED508840E9600D809E1 /* Debug */ = {
			isa = PBXGroup;
			children = (
			);
			name = Debug;
			sourceTree = "<group>";
		};
		4B05EED708840E9900D809E1 /* Release */ = {
			isa = PBXGroup;
			children = (
			);
			name = Release;
			sourceTree = "<group>";
		};
		4B05EED908840E9C00D809E1 /* Compiler */ = {
			isa = PBXGroup;
			children = (
				4B05EEDA08840E9C00D809E1 /* Debug */,
				4B05EEDD08840EA000D809E1 /* Release */,
			);
			name = Compiler;
			sourceTree = "<group>";
		};
		4B05EEDA08840E9C00D809E1 /* Debug */ = {
			isa = PBXGroup;
			children = (
			);
			name = Debug;
			sourceTree = "<group>";
		};
		4B05EEDD08840EA000D809E1 /* Release */ = {
			isa = PBXGroup;
			children = (
			);
			name = Release;
			sourceTree = "<group>";
		};
		4B05EEE008840EA300D809E1 /* System */ = {
			isa = PBXGroup;
			children = (
			);
			name = System;
			sourceTree = "<group>";
		};
		4B05EEFC08840EAB00D809E1 /* Frameworks */ = {
			isa = PBXGroup;
			children = (
				4B05EEFD08840EAB00D809E1 /* InDesignModelAndUI.framework */,
				4B05EEFF08840EAB00D809E1 /* Carbon.framework */,
				4B05EF0108840EAD00D809E1 /* InDesignModelAndUI.framework */,
			);
			name = Frameworks;
			sourceTree = "<group>";
		};
		7F52248408AFCE1F00139994 /* xcconfig */ = {
			isa = PBXGroup;
			children = (
				7FE5845808AD6DB8007DB654 /* ImportArtFilesPlugin_release.xcconfig */,
				7FE5845908AD6DB8007DB654 /* ImportArtFilesPlugin_debug.xcconfig */,
				7FE5845A08AD6DB8007DB654 /* ImportArtFilesPlugin.xcconfig */,
			);
			name = xcconfig;
			sourceTree = "<group>";
		};
		914F440C1315F71900CD3135 /* shared */ = {
			isa = PBXGroup;
			children = (
				91F1D194133833AD0009527D /* log+debug */,
				91F1D17013382BA60009527D /* preferences */,
				91F1D17613382BB10009527D /* xml */,
			);
			name = shared;
			sourceTree = "<group>";
		};
		91E2975F133FD95300222E72 /* adobe */ = {
			isa = PBXGroup;
			children = (
				91E29760133FD95300222E72 /* SnpGraphicHelper.h */,
				91E29761133FD95300222E72 /* SnpGraphicHelper.cpp */,
				91E29762133FD95300222E72 /* SDKLayoutHelper.h */,
				91E29763133FD95300222E72 /* SDKLayoutHelper.cpp */,
				91E29764133FD95300222E72 /* SnpTextModelHelper.h */,
				91E29765133FD95300222E72 /* SnpTextModelHelper.cpp */,
				91E29766133FD95300222E72 /* SnpTextAttrHelper.h */,
				91E29767133FD95300222E72 /* SDKFileHelper.cpp */,
				91E29768133FD95300222E72 /* SDKFileHelper.h */,
			);
			name = adobe;
			sourceTree = "<group>";
		};
		91F1D17013382BA60009527D /* preferences */ = {
			isa = PBXGroup;
			children = (
				91F1D17113382BA60009527D /* CL_Abstract_Prefs.h */,
				91F1D17213382BA60009527D /* CL_NewsCAD_Prefs.cpp */,
				91F1D17313382BA60009527D /* CL_NewsCAD_Prefs.h */,
			);
			name = preferences;
			path = ../shared/preferences;
			sourceTree = SOURCE_ROOT;
		};
		91F1D17613382BB10009527D /* xml */ = {
			isa = PBXGroup;
			children = (
				91F1D17713382BB10009527D /* buffer.cpp */,
				91F1D17813382BB10009527D /* buffer.h */,
				91F1D17913382BB10009527D /* misc.h */,
				91F1D17A13382BB10009527D /* parser.cpp */,
				91F1D17B13382BB10009527D /* parser.h */,
				91F1D17C13382BB10009527D /* scanner.cpp */,
				91F1D17D13382BB10009527D /* scanner.h */,
				91F1D17E13382BB10009527D /* token.cpp */,
				91F1D17F13382BB10009527D /* token.h */,
			);
			name = xml;
			path = ../shared/xml;
			sourceTree = SOURCE_ROOT;
		};
		91F1D194133833AD0009527D /* log+debug */ = {
			isa = PBXGroup;
			children = (
				91F1D195133833AD0009527D /* CL_Log_File.cpp */,
				91F1D196133833AD0009527D /* CL_Log_File.h */,
				91F1D197133833AD0009527D /* XT_Assert.cpp */,
				91F1D198133833AD0009527D /* XT_Assert.h */,
			);
			name = "log+debug";
			path = "../shared/log+debug";
			sourceTree = SOURCE_ROOT;
		};
/* End PBXGroup section */

/* Begin PBXNativeTarget section */
		4B05EEB908840E8D00D809E1 /* Debug */ = {
			isa = PBXNativeTarget;
			buildConfigurationList = 4B05EEC308840E8D00D809E1 /* Build configuration list for PBXNativeTarget "Debug" */;
			buildPhases = (
				4B05EEB508840E8D00D809E1 /* Sources */,
				4B05EEB708840E8D00D809E1 /* Frameworks */,
				4B05EEB808840E8D00D809E1 /* Rez */,
				4B05EEB608840E8D00D809E1 /* Resources */,
			);
			buildRules = (
				4B44966A088C66F500230491 /* PBXBuildRule */,
			);
			dependencies = (
			);
			name = Debug;
			productName = Debug;
			productReference = 4B05EEBA08840E8D00D809E1 /* ImportArtFiles.InDesignPlugin */;
			productType = "com.apple.product-type.framework";
		};
		4B05EEC108840E8D00D809E1 /* Release */ = {
			isa = PBXNativeTarget;
			buildConfigurationList = 4B05EEC508840E8D00D809E1 /* Build configuration list for PBXNativeTarget "Release" */;
			buildPhases = (
				4B05EEBD08840E8D00D809E1 /* Sources */,
				4B05EEBF08840E8D00D809E1 /* Frameworks */,
				4B05EEC008840E8D00D809E1 /* Rez */,
				4B05EEBE08840E8D00D809E1 /* Resources */,
			);
			buildRules = (
				0B44966A088C66F500230491 /* PBXBuildRule */,
			);
			dependencies = (
			);
			name = Release;
			productName = Release;
			productReference = 4B05EEC208840E8D00D809E1 /* ImportArtFiles.InDesignPlugin */;
			productType = "com.apple.product-type.framework";
		};
/* End PBXNativeTarget section */

/* Begin PBXProject section */
		4B05EEAF08840E8D00D809E1 /* Project object */ = {
			isa = PBXProject;
			buildConfigurationList = 4B05EEB008840E8D00D809E1 /* Build configuration list for PBXProject "ImportArtFiles" */;
			compatibilityVersion = "Xcode 2.4";
			hasScannedForEncodings = 0;
			mainGroup = 4B05EEAD08840E8D00D809E1;
			productRefGroup = 4B05EEBB08840E8D00D809E1 /* Products */;
			projectDirPath = "";
			projectRoot = "";
			targets = (
				4B05EEB908840E8D00D809E1 /* Debug */,
				4B05EEC108840E8D00D809E1 /* Release */,
			);
		};
/* End PBXProject section */

/* Begin PBXResourcesBuildPhase section */
		4B05EEB608840E8D00D809E1 /* Resources */ = {
			isa = PBXResourcesBuildPhase;
			buildActionMask = 2147483647;
			files = (
			);
			runOnlyForDeploymentPostprocessing = 0;
		};
		4B05EEBE08840E8D00D809E1 /* Resources */ = {
			isa = PBXResourcesBuildPhase;
			buildActionMask = 2147483647;
			files = (
			);
			runOnlyForDeploymentPostprocessing = 0;
		};
/* End PBXResourcesBuildPhase section */

/* Begin PBXRezBuildPhase section */
		4B05EEB808840E8D00D809E1 /* Rez */ = {
			isa = PBXRezBuildPhase;
			buildActionMask = 2147483647;
			files = (
				67A8CF500905BA12008F0AC5 /* ImportArt.fr.rsrc in Rez */,
			);
			runOnlyForDeploymentPostprocessing = 0;
		};
		4B05EEC008840E8D00D809E1 /* Rez */ = {
			isa = PBXRezBuildPhase;
			buildActionMask = 2147483647;
			files = (
				678CE44709169D2700ED7B84 /* ImportArt.fr.rsrc in Rez */,
			);
			runOnlyForDeploymentPostprocessing = 0;
		};
/* End PBXRezBuildPhase section */

/* Begin PBXSourcesBuildPhase section */
		4B05EEB508840E8D00D809E1 /* Sources */ = {
			isa = PBXSourcesBuildPhase;
			buildActionMask = 2147483647;
			files = (
				4B05EEF308840EA800D809E1 /* ImportArt.fr in Sources */,
				4B05EEF008840EA800D809E1 /* ImportArtNoStrip.cpp in Sources */,
				4B05EEF108840EA800D809E1 /* ImportArtID.cpp in Sources */,
				4B05EEF908840EA800D809E1 /* SDKPlugInEntrypoint.cpp in Sources */,
				91F8204D1320853C00D8DC9D /* ImportArtFiles.cpp in Sources */,
				91BCEE4F13319D1B0089D11F /* CL_Art_Importer_InDesign.cpp in Sources */,
				91F1D17513382BA60009527D /* CL_NewsCAD_Prefs.cpp in Sources */,
				91F1D18413382BB10009527D /* buffer.cpp in Sources */,
				91F1D18513382BB10009527D /* parser.cpp in Sources */,
				91F1D18613382BB10009527D /* scanner.cpp in Sources */,
				91F1D18713382BB10009527D /* token.cpp in Sources */,
				91F1D19B133833AD0009527D /* CL_Log_File.cpp in Sources */,
				91F1D19C133833AD0009527D /* XT_Assert.cpp in Sources */,
				91F1D1A6133834190009527D /* global_data.cpp in Sources */,
				91F1D1AD1338348A0009527D /* CL_NewsCadRect_ID.cpp in Sources */,
				91E2974D133FD6A700222E72 /* CL_Display_Ad.cpp in Sources */,
				91E29758133FD8EF00222E72 /* Basic_Display_Ad.cpp in Sources */,
				91E2976D133FD95300222E72 /* SnpGraphicHelper.cpp in Sources */,
				91E2976E133FD95300222E72 /* SDKLayoutHelper.cpp in Sources */,
				91E2976F133FD95300222E72 /* SnpTextModelHelper.cpp in Sources */,
				91E29770133FD95300222E72 /* SDKFileHelper.cpp in Sources */,
				91E297C6133FF38700222E72 /* Basic_Page.cpp in Sources */,
				91E297C7133FF38700222E72 /* runarounds.cpp in Sources */,
			);
			runOnlyForDeploymentPostprocessing = 0;
		};
		4B05EEBD08840E8D00D809E1 /* Sources */ = {
			isa = PBXSourcesBuildPhase;
			buildActionMask = 2147483647;
			files = (
				4B05EEE608840EA800D809E1 /* ImportArt.fr in Sources */,
				4B05EEE308840EA800D809E1 /* ImportArtNoStrip.cpp in Sources */,
				4B05EEE408840EA800D809E1 /* ImportArtID.cpp in Sources */,
				4B05EEEC08840EA800D809E1 /* SDKPlugInEntrypoint.cpp in Sources */,
				91F8204C1320853C00D8DC9D /* ImportArtFiles.cpp in Sources */,
				91BCEE4E13319D1B0089D11F /* CL_Art_Importer_InDesign.cpp in Sources */,
				91F1D17413382BA60009527D /* CL_NewsCAD_Prefs.cpp in Sources */,
				91F1D18013382BB10009527D /* buffer.cpp in Sources */,
				91F1D18113382BB10009527D /* parser.cpp in Sources */,
				91F1D18213382BB10009527D /* scanner.cpp in Sources */,
				91F1D18313382BB10009527D /* token.cpp in Sources */,
				91F1D199133833AD0009527D /* CL_Log_File.cpp in Sources */,
				91F1D19A133833AD0009527D /* XT_Assert.cpp in Sources */,
				91F1D1A5133834190009527D /* global_data.cpp in Sources */,
				91F1D1AC1338348A0009527D /* CL_NewsCadRect_ID.cpp in Sources */,
				91E2974C133FD6A700222E72 /* CL_Display_Ad.cpp in Sources */,
				91E29757133FD8EF00222E72 /* Basic_Display_Ad.cpp in Sources */,
				91E29769133FD95300222E72 /* SnpGraphicHelper.cpp in Sources */,
				91E2976A133FD95300222E72 /* SDKLayoutHelper.cpp in Sources */,
				91E2976B133FD95300222E72 /* SnpTextModelHelper.cpp in Sources */,
				91E2976C133FD95300222E72 /* SDKFileHelper.cpp in Sources */,
				91E297C4133FF38700222E72 /* Basic_Page.cpp in Sources */,
				91E297C5133FF38700222E72 /* runarounds.cpp in Sources */,
			);
			runOnlyForDeploymentPostprocessing = 0;
		};
/* End PBXSourcesBuildPhase section */

/* Begin XCBuildConfiguration section */
		4B05EEB108840E8D00D809E1 /* Default */ = {
			isa = XCBuildConfiguration;
			baseConfigurationReference = 7FE5845A08AD6DB8007DB654 /* ImportArtFilesPlugin.xcconfig */;
			buildSettings = {
				GCC_ENABLE_CPP_EXCEPTIONS = YES;
				GCC_ENABLE_CPP_RTTI = YES;
				GCC_TREAT_WARNINGS_AS_ERRORS = YES;
				HEADER_SEARCH_PATHS = (
					"$(HEADER_SEARCH_PATHS)",
					../../../source/precomp/msvc,
					../../../source/public/interfaces/xmedia,
					../../../source/public/interfaces/preflight,
					../../../source/public/interfaces/ui,
					../../../source/public/interfaces/tables,
					../../../source/public/interfaces/text,
					../../../source/public/interfaces/graphics,
					../../../source/public/libs/widgetbin/includes,
					../../../source/public/interfaces/workgroup,
					../../../source/public/interfaces/interactive,
					../../../source/public/interfaces/interactive/ui,
					../../../source/public/interfaces/colormgmt,
					../../../source/public/interfaces/utils,
					../../../source/public/interfaces/incopy,
					../../../source/public/interfaces/layout,
					../../../source/public/interfaces/architecture,
					../../../source/public/interfaces/cjk,
					../../../source/precomp/common,
					../../../source/public/includes,
					../../../source/public/libs/publiclib/plugins,
					../../../source/public/libs/publiclib/files,
					../../../source/public/libs/publiclib/objectmodel,
					../../../external/asl/boost_libraries,
					../../../source/sdksamples/common,
					../../../external/afl/includes,
					../import_art_files/headers,
				);
				INFOPLIST_FILE = ../../../source/sdksamples/common/Info.plist;
				INFOPLIST_PREPROCESS = YES;
				PRODUCT_NAME = ImportArtFiles;
			};
			name = Default;
		};
		4B05EEC408840E8D00D809E1 /* Default */ = {
			isa = XCBuildConfiguration;
			baseConfigurationReference = 7FE5845908AD6DB8007DB654 /* ImportArtFilesPlugin_debug.xcconfig */;
			buildSettings = {
				BUILT_PRODUCTS_DIR = "$(SRCROOT)/../debug";
				INFOPLIST_PREPROCESS = YES;
			};
			name = Default;
		};
		4B05EEC608840E8D00D809E1 /* Default */ = {
			isa = XCBuildConfiguration;
			baseConfigurationReference = 7FE5845808AD6DB8007DB654 /* ImportArtFilesPlugin_release.xcconfig */;
			buildSettings = {
				BUILT_PRODUCTS_DIR = "$(SRCROOT)/../release";
				INFOPLIST_PREPROCESS = YES;
			};
			name = Default;
		};
/* End XCBuildConfiguration section */

/* Begin XCConfigurationList section */
		4B05EEB008840E8D00D809E1 /* Build configuration list for PBXProject "ImportArtFiles" */ = {
			isa = XCConfigurationList;
			buildConfigurations = (
				4B05EEB108840E8D00D809E1 /* Default */,
			);
			defaultConfigurationIsVisible = 1;
			defaultConfigurationName = Default;
		};
		4B05EEC308840E8D00D809E1 /* Build configuration list for PBXNativeTarget "Debug" */ = {
			isa = XCConfigurationList;
			buildConfigurations = (
				4B05EEC408840E8D00D809E1 /* Default */,
			);
			defaultConfigurationIsVisible = 0;
			defaultConfigurationName = Default;
		};
		4B05EEC508840E8D00D809E1 /* Build configuration list for PBXNativeTarget "Release" */ = {
			isa = XCConfigurationList;
			buildConfigurations = (
				4B05EEC608840E8D00D809E1 /* Default */,
			);
			defaultConfigurationIsVisible = 0;
			defaultConfigurationName = Default;
		};
/* End XCConfigurationList section */
	};
	rootObject = 4B05EEAF08840E8D00D809E1 /* Project object */;
}
