// !$*UTF8*$!
{
	archiveVersion = 1;
	classes = {
	};
	objectVersion = 42;
	objects = {

/* Begin PBXBuildFile section */
		4B05EEE308840EA800D809E1 /* WriteAdReportNoStrip.cpp in Sources */ = {isa = PBXBuildFile; fileRef = 4B05EECD08840E9300D809E1 /* WriteAdReportNoStrip.cpp */; };
		4B05EEE408840EA800D809E1 /* WriteAdReportID.cpp in Sources */ = {isa = PBXBuildFile; fileRef = 4B05EECE08840E9400D809E1 /* WriteAdReportID.cpp */; };
		4B05EEE608840EA800D809E1 /* WriteAdReport.fr in Sources */ = {isa = PBXBuildFile; fileRef = 4B05EED108840E9500D809E1 /* WriteAdReport.fr */; };
		4B05EEEC08840EA800D809E1 /* SDKPlugInEntrypoint.cpp in Sources */ = {isa = PBXBuildFile; fileRef = 4B05EECC08840E9200D809E1 /* SDKPlugInEntrypoint.cpp */; };
		4B05EEF008840EA800D809E1 /* WriteAdReportNoStrip.cpp in Sources */ = {isa = PBXBuildFile; fileRef = 4B05EECD08840E9300D809E1 /* WriteAdReportNoStrip.cpp */; };
		4B05EEF108840EA800D809E1 /* WriteAdReportID.cpp in Sources */ = {isa = PBXBuildFile; fileRef = 4B05EECE08840E9400D809E1 /* WriteAdReportID.cpp */; };
		4B05EEF308840EA800D809E1 /* WriteAdReport.fr in Sources */ = {isa = PBXBuildFile; fileRef = 4B05EED108840E9500D809E1 /* WriteAdReport.fr */; };
		4B05EEF908840EA800D809E1 /* SDKPlugInEntrypoint.cpp in Sources */ = {isa = PBXBuildFile; fileRef = 4B05EECC08840E9200D809E1 /* SDKPlugInEntrypoint.cpp */; };
		4B05EEFE08840EAB00D809E1 /* InDesignModelAndUI.framework in Frameworks */ = {isa = PBXBuildFile; fileRef = 4B05EEFD08840EAB00D809E1 /* InDesignModelAndUI.framework */; };
		4B05EF0008840EAB00D809E1 /* Carbon.framework in Frameworks */ = {isa = PBXBuildFile; fileRef = 4B05EEFF08840EAB00D809E1 /* Carbon.framework */; };
		4B05EF0208840EAD00D809E1 /* InDesignModelAndUI.framework in Frameworks */ = {isa = PBXBuildFile; fileRef = 4B05EF0108840EAD00D809E1 /* InDesignModelAndUI.framework */; };
		4B05EF0308840EAD00D809E1 /* Carbon.framework in Frameworks */ = {isa = PBXBuildFile; fileRef = 4B05EEFF08840EAB00D809E1 /* Carbon.framework */; };
		678CE44709169D2700ED7B84 /* WriteAdReport.fr.rsrc in Rez */ = {isa = PBXBuildFile; fileRef = 678CE44609169D2700ED7B84 /* WriteAdReport.fr.rsrc */; };
		67A8CF500905BA12008F0AC5 /* WriteAdReport.fr.rsrc in Rez */ = {isa = PBXBuildFile; fileRef = 67A8CF4F0905BA12008F0AC5 /* WriteAdReport.fr.rsrc */; };
		91981522139EF5FB009C537F /* CL_Document.cpp in Sources */ = {isa = PBXBuildFile; fileRef = 91981521139EF5FB009C537F /* CL_Document.cpp */; };
		91981523139EF5FB009C537F /* CL_Document.cpp in Sources */ = {isa = PBXBuildFile; fileRef = 91981521139EF5FB009C537F /* CL_Document.cpp */; };
		91981530139EF932009C537F /* Basic_Display_Ad.cpp in Sources */ = {isa = PBXBuildFile; fileRef = 9198152F139EF932009C537F /* Basic_Display_Ad.cpp */; };
		91981531139EF932009C537F /* Basic_Display_Ad.cpp in Sources */ = {isa = PBXBuildFile; fileRef = 9198152F139EF932009C537F /* Basic_Display_Ad.cpp */; };
		9198153E139EF9C2009C537F /* SnpTextModelHelper.cpp in Sources */ = {isa = PBXBuildFile; fileRef = 9198153D139EF9C2009C537F /* SnpTextModelHelper.cpp */; };
		9198153F139EF9C2009C537F /* SnpTextModelHelper.cpp in Sources */ = {isa = PBXBuildFile; fileRef = 9198153D139EF9C2009C537F /* SnpTextModelHelper.cpp */; };
		91981542139EF9DE009C537F /* SnpGraphicHelper.cpp in Sources */ = {isa = PBXBuildFile; fileRef = 91981541139EF9DE009C537F /* SnpGraphicHelper.cpp */; };
		91981543139EF9DE009C537F /* SnpGraphicHelper.cpp in Sources */ = {isa = PBXBuildFile; fileRef = 91981541139EF9DE009C537F /* SnpGraphicHelper.cpp */; };
		91981546139EF9EF009C537F /* SDKFileHelper.cpp in Sources */ = {isa = PBXBuildFile; fileRef = 91981545139EF9EF009C537F /* SDKFileHelper.cpp */; };
		91981547139EF9EF009C537F /* SDKFileHelper.cpp in Sources */ = {isa = PBXBuildFile; fileRef = 91981545139EF9EF009C537F /* SDKFileHelper.cpp */; };
		91981553139EFCA0009C537F /* CL_Display_Ad.cpp in Sources */ = {isa = PBXBuildFile; fileRef = 91981552139EFCA0009C537F /* CL_Display_Ad.cpp */; };
		91981554139EFCA0009C537F /* CL_Display_Ad.cpp in Sources */ = {isa = PBXBuildFile; fileRef = 91981552139EFCA0009C537F /* CL_Display_Ad.cpp */; };
		91981559139EFCC2009C537F /* SDKLayoutHelper.cpp in Sources */ = {isa = PBXBuildFile; fileRef = 91981558139EFCC2009C537F /* SDKLayoutHelper.cpp */; };
		9198155A139EFCC2009C537F /* SDKLayoutHelper.cpp in Sources */ = {isa = PBXBuildFile; fileRef = 91981558139EFCC2009C537F /* SDKLayoutHelper.cpp */; };
		9198155E139EFD03009C537F /* runarounds.cpp in Sources */ = {isa = PBXBuildFile; fileRef = 9198155D139EFD03009C537F /* runarounds.cpp */; };
		9198155F139EFD03009C537F /* runarounds.cpp in Sources */ = {isa = PBXBuildFile; fileRef = 9198155D139EFD03009C537F /* runarounds.cpp */; };
		91981562139EFD11009C537F /* Basic_Page.cpp in Sources */ = {isa = PBXBuildFile; fileRef = 91981561139EFD11009C537F /* Basic_Page.cpp */; };
		91981563139EFD11009C537F /* Basic_Page.cpp in Sources */ = {isa = PBXBuildFile; fileRef = 91981561139EFD11009C537F /* Basic_Page.cpp */; };
		919FE92C139DA97600162BE5 /* CL_Log_File.cpp in Sources */ = {isa = PBXBuildFile; fileRef = 919FE92B139DA97600162BE5 /* CL_Log_File.cpp */; };
		919FE92D139DA97600162BE5 /* CL_Log_File.cpp in Sources */ = {isa = PBXBuildFile; fileRef = 919FE92B139DA97600162BE5 /* CL_Log_File.cpp */; };
		919FE937139DAA0100162BE5 /* CL_NewsCadRect_ID.cpp in Sources */ = {isa = PBXBuildFile; fileRef = 919FE936139DAA0100162BE5 /* CL_NewsCadRect_ID.cpp */; };
		919FE938139DAA0100162BE5 /* CL_NewsCadRect_ID.cpp in Sources */ = {isa = PBXBuildFile; fileRef = 919FE936139DAA0100162BE5 /* CL_NewsCadRect_ID.cpp */; };
		919FE93D139DAA3C00162BE5 /* global_data.cpp in Sources */ = {isa = PBXBuildFile; fileRef = 919FE93C139DAA3C00162BE5 /* global_data.cpp */; };
		919FE93E139DAA3C00162BE5 /* global_data.cpp in Sources */ = {isa = PBXBuildFile; fileRef = 919FE93C139DAA3C00162BE5 /* global_data.cpp */; };
		919FE944139DAA6300162BE5 /* CL_NewsCAD_Prefs.cpp in Sources */ = {isa = PBXBuildFile; fileRef = 919FE942139DAA6300162BE5 /* CL_NewsCAD_Prefs.cpp */; };
		919FE945139DAA6300162BE5 /* CL_NewsCAD_Prefs.cpp in Sources */ = {isa = PBXBuildFile; fileRef = 919FE942139DAA6300162BE5 /* CL_NewsCAD_Prefs.cpp */; };
		919FE951139DAAB700162BE5 /* buffer.cpp in Sources */ = {isa = PBXBuildFile; fileRef = 919FE948139DAAB700162BE5 /* buffer.cpp */; };
		919FE952139DAAB700162BE5 /* parser.cpp in Sources */ = {isa = PBXBuildFile; fileRef = 919FE94B139DAAB700162BE5 /* parser.cpp */; };
		919FE953139DAAB700162BE5 /* scanner.cpp in Sources */ = {isa = PBXBuildFile; fileRef = 919FE94D139DAAB700162BE5 /* scanner.cpp */; };
		919FE954139DAAB700162BE5 /* token.cpp in Sources */ = {isa = PBXBuildFile; fileRef = 919FE94F139DAAB700162BE5 /* token.cpp */; };
		919FE955139DAAB700162BE5 /* buffer.cpp in Sources */ = {isa = PBXBuildFile; fileRef = 919FE948139DAAB700162BE5 /* buffer.cpp */; };
		919FE956139DAAB700162BE5 /* parser.cpp in Sources */ = {isa = PBXBuildFile; fileRef = 919FE94B139DAAB700162BE5 /* parser.cpp */; };
		919FE957139DAAB700162BE5 /* scanner.cpp in Sources */ = {isa = PBXBuildFile; fileRef = 919FE94D139DAAB700162BE5 /* scanner.cpp */; };
		919FE958139DAAB700162BE5 /* token.cpp in Sources */ = {isa = PBXBuildFile; fileRef = 919FE94F139DAAB700162BE5 /* token.cpp */; };
		919FE96D139DAE1600162BE5 /* XT_Assert.cpp in Sources */ = {isa = PBXBuildFile; fileRef = 919FE96C139DAE1600162BE5 /* XT_Assert.cpp */; };
		919FE96E139DAE1600162BE5 /* XT_Assert.cpp in Sources */ = {isa = PBXBuildFile; fileRef = 919FE96C139DAE1600162BE5 /* XT_Assert.cpp */; };
		91B3CA3D138F48520048874D /* WriteAdReport.cpp in Sources */ = {isa = PBXBuildFile; fileRef = 91B3CA3C138F48520048874D /* WriteAdReport.cpp */; };
		91B3CA3E138F48520048874D /* WriteAdReport.cpp in Sources */ = {isa = PBXBuildFile; fileRef = 91B3CA3C138F48520048874D /* WriteAdReport.cpp */; };
		CB57CB59086C9F0F0055B760 /* libPublicPlugIn.a in Frameworks */ = {isa = PBXBuildFile; fileRef = CB57CB58086C9F0F0055B760 /* libPublicPlugIn.a */; };
		CB57CC2E086CC5EC0055B760 /* libPublicPlugIn.a in Frameworks */ = {isa = PBXBuildFile; fileRef = CB57CC2D086CC5EC0055B760 /* libPublicPlugIn.a */; };
/* End PBXBuildFile section */

/* Begin PBXBuildRule section */
		0B44966A088C66F500230491 /* PBXBuildRule */ = {
			isa = PBXBuildRule;
			compilerSpec = com.apple.compilers.proxy.script;
			filePatterns = "*.fr";
			fileType = pattern.proxy;
			isEditable = 1;
			outputFiles = (
				"$(REZ_COLLECTOR_DIR)/$(INPUT_FILE_NAME).rsrc",
			);
			script = "\"../../../devtools/bin/odfrc-cmd\" -d RELEASE -d MACINTOSH -d __GNUC__ -o \"$REZ_COLLECTOR_DIR/$INPUT_FILE_NAME.rsrc\" \"$INPUT_FILE_PATH\"";
		};
		4B44966A088C66F500230491 /* PBXBuildRule */ = {
			isa = PBXBuildRule;
			compilerSpec = com.apple.compilers.proxy.script;
			filePatterns = "*.fr";
			fileType = pattern.proxy;
			isEditable = 1;
			outputFiles = (
				"$(REZ_COLLECTOR_DIR)/$(INPUT_FILE_NAME).rsrc",
			);
			script = "\"../../../devtools/bin/odfrc-cmd\" -d DEBUG -d MACINTOSH -d __GNUC__ -o \"$REZ_COLLECTOR_DIR/$INPUT_FILE_NAME.rsrc\" \"$INPUT_FILE_PATH\"";
		};
/* End PBXBuildRule section */

/* Begin PBXFileReference section */
		4B05EEBA08840E8D00D809E1 /* WriteAdReport.InDesignPlugin */ = {isa = PBXFileReference; explicitFileType = wrapper.framework; includeInIndex = 0; path = WriteAdReport.InDesignPlugin; sourceTree = BUILT_PRODUCTS_DIR; };
		4B05EEC208840E8D00D809E1 /* WriteAdReport.InDesignPlugin */ = {isa = PBXFileReference; explicitFileType = wrapper.framework; includeInIndex = 0; path = WriteAdReport.InDesignPlugin; sourceTree = BUILT_PRODUCTS_DIR; };
		4B05EECC08840E9200D809E1 /* SDKPlugInEntrypoint.cpp */ = {isa = PBXFileReference; lastKnownFileType = sourcecode.cpp.cpp; name = SDKPlugInEntrypoint.cpp; path = ../../../source/sdksamples/common/SDKPlugInEntrypoint.cpp; sourceTree = SOURCE_ROOT; };
		4B05EECD08840E9300D809E1 /* WriteAdReportNoStrip.cpp */ = {isa = PBXFileReference; lastKnownFileType = sourcecode.cpp.cpp; name = WriteAdReportNoStrip.cpp; path = ../write_ad_report/source/WriteAdReportNoStrip.cpp; sourceTree = SOURCE_ROOT; };
		4B05EECE08840E9400D809E1 /* WriteAdReportID.cpp */ = {isa = PBXFileReference; lastKnownFileType = sourcecode.cpp.cpp; name = WriteAdReportID.cpp; path = ../write_ad_report/source/WriteAdReportID.cpp; sourceTree = SOURCE_ROOT; };
		4B05EECF08840E9400D809E1 /* WriteAdReportID.h */ = {isa = PBXFileReference; lastKnownFileType = sourcecode.c.h; name = WriteAdReportID.h; path = ../write_ad_report/headers/WriteAdReportID.h; sourceTree = SOURCE_ROOT; };
		4B05EED108840E9500D809E1 /* WriteAdReport.fr */ = {isa = PBXFileReference; lastKnownFileType = text; name = WriteAdReport.fr; path = ../write_ad_report/source/WriteAdReport.fr; sourceTree = SOURCE_ROOT; };
		4B05EEFD08840EAB00D809E1 /* InDesignModelAndUI.framework */ = {isa = PBXFileReference; lastKnownFileType = wrapper.framework; name = InDesignModelAndUI.framework; path = ../../../build/mac/debug/packagefolder/contents/macos/InDesignModelAndUI.framework; sourceTree = SOURCE_ROOT; };
		4B05EEFF08840EAB00D809E1 /* Carbon.framework */ = {isa = PBXFileReference; lastKnownFileType = wrapper.framework; name = Carbon.framework; path = /System/Library/Frameworks/Carbon.framework; sourceTree = "<absolute>"; };
		4B05EF0108840EAD00D809E1 /* InDesignModelAndUI.framework */ = {isa = PBXFileReference; lastKnownFileType = wrapper.framework; name = InDesignModelAndUI.framework; path = ../../../build/mac/release/packagefolder/contents/macos/InDesignModelAndUI.framework; sourceTree = SOURCE_ROOT; };
		678CE44609169D2700ED7B84 /* WriteAdReport.fr.rsrc */ = {isa = PBXFileReference; lastKnownFileType = archive.rsrc; name = WriteAdReport.fr.rsrc; path = build/WriteAdReport.build/Default/Release.build/ResourceManagerResources/WriteAdReport.fr.rsrc; sourceTree = "<group>"; };
		67A8CF4F0905BA12008F0AC5 /* WriteAdReport.fr.rsrc */ = {isa = PBXFileReference; lastKnownFileType = archive.rsrc; name = WriteAdReport.fr.rsrc; path = build/WriteAdReport.build/Default/Debug.build/ResourceManagerResources/WriteAdReport.fr.rsrc; sourceTree = "<group>"; };
		7FE5845808AD6DB8007DB654 /* WriteAdReportPlugin_release.xcconfig */ = {isa = PBXFileReference; fileEncoding = 30; lastKnownFileType = text.xcconfig; path = WriteAdReportPlugin_release.xcconfig; sourceTree = SOURCE_ROOT; };
		7FE5845908AD6DB8007DB654 /* WriteAdReportPlugin_debug.xcconfig */ = {isa = PBXFileReference; fileEncoding = 30; lastKnownFileType = text.xcconfig; path = WriteAdReportPlugin_debug.xcconfig; sourceTree = SOURCE_ROOT; };
		7FE5845A08AD6DB8007DB654 /* WriteAdReportPlugin.xcconfig */ = {isa = PBXFileReference; fileEncoding = 30; lastKnownFileType = text.xcconfig; path = WriteAdReportPlugin.xcconfig; sourceTree = SOURCE_ROOT; };
		91981520139EF5FB009C537F /* CL_Document.h */ = {isa = PBXFileReference; fileEncoding = 4; lastKnownFileType = sourcecode.c.h; name = CL_Document.h; path = ../import_ad_geometry/source/basic_classes/CL_Document.h; sourceTree = SOURCE_ROOT; };
		91981521139EF5FB009C537F /* CL_Document.cpp */ = {isa = PBXFileReference; fileEncoding = 4; lastKnownFileType = sourcecode.cpp.cpp; name = CL_Document.cpp; path = ../import_ad_geometry/source/basic_classes/CL_Document.cpp; sourceTree = SOURCE_ROOT; };
		9198152E139EF932009C537F /* Basic_Display_Ad.h */ = {isa = PBXFileReference; fileEncoding = 4; lastKnownFileType = sourcecode.c.h; name = Basic_Display_Ad.h; path = ../shared/Basic_Display_Ad.h; sourceTree = SOURCE_ROOT; };
		9198152F139EF932009C537F /* Basic_Display_Ad.cpp */ = {isa = PBXFileReference; fileEncoding = 4; lastKnownFileType = sourcecode.cpp.cpp; name = Basic_Display_Ad.cpp; path = ../shared/Basic_Display_Ad.cpp; sourceTree = SOURCE_ROOT; };
		9198153C139EF9C2009C537F /* SnpTextModelHelper.h */ = {isa = PBXFileReference; fileEncoding = 4; lastKnownFileType = sourcecode.c.h; name = SnpTextModelHelper.h; path = ../../sdksamples/codesnippets/SnpTextModelHelper.h; sourceTree = SOURCE_ROOT; };
		9198153D139EF9C2009C537F /* SnpTextModelHelper.cpp */ = {isa = PBXFileReference; fileEncoding = 4; lastKnownFileType = sourcecode.cpp.cpp; name = SnpTextModelHelper.cpp; path = ../../sdksamples/codesnippets/SnpTextModelHelper.cpp; sourceTree = SOURCE_ROOT; };
		91981540139EF9DE009C537F /* SnpGraphicHelper.h */ = {isa = PBXFileReference; fileEncoding = 4; lastKnownFileType = sourcecode.c.h; name = SnpGraphicHelper.h; path = ../../sdksamples/codesnippets/SnpGraphicHelper.h; sourceTree = SOURCE_ROOT; };
		91981541139EF9DE009C537F /* SnpGraphicHelper.cpp */ = {isa = PBXFileReference; fileEncoding = 4; lastKnownFileType = sourcecode.cpp.cpp; name = SnpGraphicHelper.cpp; path = ../../sdksamples/codesnippets/SnpGraphicHelper.cpp; sourceTree = SOURCE_ROOT; };
		91981544139EF9E8009C537F /* SDKFileHelper.h */ = {isa = PBXFileReference; fileEncoding = 4; lastKnownFileType = sourcecode.c.h; name = SDKFileHelper.h; path = ../../sdksamples/common/SDKFileHelper.h; sourceTree = SOURCE_ROOT; };
		91981545139EF9EF009C537F /* SDKFileHelper.cpp */ = {isa = PBXFileReference; fileEncoding = 4; lastKnownFileType = sourcecode.cpp.cpp; name = SDKFileHelper.cpp; path = ../../sdksamples/common/SDKFileHelper.cpp; sourceTree = SOURCE_ROOT; };
		9198154B139EFA10009C537F /* tokenizer.hpp */ = {isa = PBXFileReference; fileEncoding = 4; lastKnownFileType = sourcecode.cpp.h; name = tokenizer.hpp; path = ../../../external/asl/boost_libraries/boost/tokenizer.hpp; sourceTree = SOURCE_ROOT; };
		91981551139EFCA0009C537F /* CL_Display_Ad.h */ = {isa = PBXFileReference; fileEncoding = 4; lastKnownFileType = sourcecode.c.h; name = CL_Display_Ad.h; path = ../import_ad_geometry/source/basic_classes/CL_Display_Ad.h; sourceTree = SOURCE_ROOT; };
		91981552139EFCA0009C537F /* CL_Display_Ad.cpp */ = {isa = PBXFileReference; fileEncoding = 4; lastKnownFileType = sourcecode.cpp.cpp; name = CL_Display_Ad.cpp; path = ../import_ad_geometry/source/basic_classes/CL_Display_Ad.cpp; sourceTree = SOURCE_ROOT; };
		91981557139EFCC2009C537F /* SDKLayoutHelper.h */ = {isa = PBXFileReference; fileEncoding = 4; lastKnownFileType = sourcecode.c.h; name = SDKLayoutHelper.h; path = ../../sdksamples/common/SDKLayoutHelper.h; sourceTree = SOURCE_ROOT; };
		91981558139EFCC2009C537F /* SDKLayoutHelper.cpp */ = {isa = PBXFileReference; fileEncoding = 4; lastKnownFileType = sourcecode.cpp.cpp; name = SDKLayoutHelper.cpp; path = ../../sdksamples/common/SDKLayoutHelper.cpp; sourceTree = SOURCE_ROOT; };
		9198155D139EFD03009C537F /* runarounds.cpp */ = {isa = PBXFileReference; fileEncoding = 4; lastKnownFileType = sourcecode.cpp.cpp; name = runarounds.cpp; path = ../shared/runarounds.cpp; sourceTree = SOURCE_ROOT; };
		91981560139EFD11009C537F /* Basic_Page.h */ = {isa = PBXFileReference; fileEncoding = 4; lastKnownFileType = sourcecode.c.h; name = Basic_Page.h; path = ../shared/Basic_Page.h; sourceTree = SOURCE_ROOT; };
		91981561139EFD11009C537F /* Basic_Page.cpp */ = {isa = PBXFileReference; fileEncoding = 4; lastKnownFileType = sourcecode.cpp.cpp; name = Basic_Page.cpp; path = ../shared/Basic_Page.cpp; sourceTree = SOURCE_ROOT; };
		919FE92A139DA97600162BE5 /* CL_Log_File.h */ = {isa = PBXFileReference; fileEncoding = 4; lastKnownFileType = sourcecode.c.h; name = CL_Log_File.h; path = "../shared/log+debug/CL_Log_File.h"; sourceTree = SOURCE_ROOT; };
		919FE92B139DA97600162BE5 /* CL_Log_File.cpp */ = {isa = PBXFileReference; fileEncoding = 4; lastKnownFileType = sourcecode.cpp.cpp; name = CL_Log_File.cpp; path = "../shared/log+debug/CL_Log_File.cpp"; sourceTree = SOURCE_ROOT; };
		919FE935139DAA0100162BE5 /* CL_NewsCadRect_ID.h */ = {isa = PBXFileReference; fileEncoding = 4; lastKnownFileType = sourcecode.c.h; name = CL_NewsCadRect_ID.h; path = ../import_ad_geometry/source/basic_classes/CL_NewsCadRect_ID.h; sourceTree = SOURCE_ROOT; };
		919FE936139DAA0100162BE5 /* CL_NewsCadRect_ID.cpp */ = {isa = PBXFileReference; fileEncoding = 4; lastKnownFileType = sourcecode.cpp.cpp; name = CL_NewsCadRect_ID.cpp; path = ../import_ad_geometry/source/basic_classes/CL_NewsCadRect_ID.cpp; sourceTree = SOURCE_ROOT; };
		919FE93B139DAA3C00162BE5 /* global_data.h */ = {isa = PBXFileReference; fileEncoding = 4; lastKnownFileType = sourcecode.c.h; name = global_data.h; path = ../import_ad_geometry/headers/global_data.h; sourceTree = SOURCE_ROOT; };
		919FE93C139DAA3C00162BE5 /* global_data.cpp */ = {isa = PBXFileReference; fileEncoding = 4; lastKnownFileType = sourcecode.cpp.cpp; name = global_data.cpp; path = ../import_ad_geometry/source/global_data.cpp; sourceTree = SOURCE_ROOT; };
		919FE941139DAA6300162BE5 /* CL_Abstract_Prefs.h */ = {isa = PBXFileReference; fileEncoding = 4; lastKnownFileType = sourcecode.c.h; path = CL_Abstract_Prefs.h; sourceTree = "<group>"; };
		919FE942139DAA6300162BE5 /* CL_NewsCAD_Prefs.cpp */ = {isa = PBXFileReference; fileEncoding = 4; lastKnownFileType = sourcecode.cpp.cpp; path = CL_NewsCAD_Prefs.cpp; sourceTree = "<group>"; };
		919FE943139DAA6300162BE5 /* CL_NewsCAD_Prefs.h */ = {isa = PBXFileReference; fileEncoding = 4; lastKnownFileType = sourcecode.c.h; path = CL_NewsCAD_Prefs.h; sourceTree = "<group>"; };
		919FE948139DAAB700162BE5 /* buffer.cpp */ = {isa = PBXFileReference; fileEncoding = 4; lastKnownFileType = sourcecode.cpp.cpp; path = buffer.cpp; sourceTree = "<group>"; };
		919FE949139DAAB700162BE5 /* buffer.h */ = {isa = PBXFileReference; fileEncoding = 4; lastKnownFileType = sourcecode.c.h; path = buffer.h; sourceTree = "<group>"; };
		919FE94A139DAAB700162BE5 /* misc.h */ = {isa = PBXFileReference; fileEncoding = 4; lastKnownFileType = sourcecode.c.h; path = misc.h; sourceTree = "<group>"; };
		919FE94B139DAAB700162BE5 /* parser.cpp */ = {isa = PBXFileReference; fileEncoding = 4; lastKnownFileType = sourcecode.cpp.cpp; path = parser.cpp; sourceTree = "<group>"; };
		919FE94C139DAAB700162BE5 /* parser.h */ = {isa = PBXFileReference; fileEncoding = 4; lastKnownFileType = sourcecode.c.h; path = parser.h; sourceTree = "<group>"; };
		919FE94D139DAAB700162BE5 /* scanner.cpp */ = {isa = PBXFileReference; fileEncoding = 4; lastKnownFileType = sourcecode.cpp.cpp; path = scanner.cpp; sourceTree = "<group>"; };
		919FE94E139DAAB700162BE5 /* scanner.h */ = {isa = PBXFileReference; fileEncoding = 4; lastKnownFileType = sourcecode.c.h; path = scanner.h; sourceTree = "<group>"; };
		919FE94F139DAAB700162BE5 /* token.cpp */ = {isa = PBXFileReference; fileEncoding = 4; lastKnownFileType = sourcecode.cpp.cpp; path = token.cpp; sourceTree = "<group>"; };
		919FE950139DAAB700162BE5 /* token.h */ = {isa = PBXFileReference; fileEncoding = 4; lastKnownFileType = sourcecode.c.h; path = token.h; sourceTree = "<group>"; };
		919FE96B139DAE1600162BE5 /* XT_Assert.h */ = {isa = PBXFileReference; fileEncoding = 4; lastKnownFileType = sourcecode.c.h; name = XT_Assert.h; path = "../shared/log+debug/XT_Assert.h"; sourceTree = SOURCE_ROOT; };
		919FE96C139DAE1600162BE5 /* XT_Assert.cpp */ = {isa = PBXFileReference; fileEncoding = 4; lastKnownFileType = sourcecode.cpp.cpp; name = XT_Assert.cpp; path = "../shared/log+debug/XT_Assert.cpp"; sourceTree = SOURCE_ROOT; };
		91A84549138DF1B600CE5687 /* IAbstractAdReportWriter.h */ = {isa = PBXFileReference; fileEncoding = 4; lastKnownFileType = sourcecode.c.h; name = IAbstractAdReportWriter.h; path = ../IAbstractAdReportWriter.h; sourceTree = SOURCE_ROOT; };
		91B3CA2E138F43460048874D /* WriteAdReportFactoryList.h */ = {isa = PBXFileReference; fileEncoding = 4; lastKnownFileType = sourcecode.c.h; name = WriteAdReportFactoryList.h; path = source/WriteAdReportFactoryList.h; sourceTree = "<group>"; };
		91B3CA3B138F460E0048874D /* newscad.h */ = {isa = PBXFileReference; fileEncoding = 4; lastKnownFileType = sourcecode.c.h; name = newscad.h; path = ../shared/newscad.h; sourceTree = SOURCE_ROOT; };
		91B3CA3C138F48520048874D /* WriteAdReport.cpp */ = {isa = PBXFileReference; fileEncoding = 4; lastKnownFileType = sourcecode.cpp.cpp; name = WriteAdReport.cpp; path = source/WriteAdReport.cpp; sourceTree = "<group>"; };
		CB57CB58086C9F0F0055B760 /* libPublicPlugIn.a */ = {isa = PBXFileReference; lastKnownFileType = archive.ar; name = libPublicPlugIn.a; path = ../../../build/mac/debug/packagefolder/contents/macos/libs/libPublicPlugIn.a; sourceTree = SOURCE_ROOT; };
		CB57CC2D086CC5EC0055B760 /* libPublicPlugIn.a */ = {isa = PBXFileReference; lastKnownFileType = archive.ar; name = libPublicPlugIn.a; path = ../../../build/mac/release/packagefolder/contents/macos/libs/libPublicPlugIn.a; sourceTree = SOURCE_ROOT; };
/* End PBXFileReference section */

/* Begin PBXFrameworksBuildPhase section */
		4B05EEB708840E8D00D809E1 /* Frameworks */ = {
			isa = PBXFrameworksBuildPhase;
			buildActionMask = 2147483647;
			files = (
				CB57CB59086C9F0F0055B760 /* libPublicPlugIn.a in Frameworks */,
				4B05EEFE08840EAB00D809E1 /* InDesignModelAndUI.framework in Frameworks */,
				4B05EF0008840EAB00D809E1 /* Carbon.framework in Frameworks */,
			);
			runOnlyForDeploymentPostprocessing = 0;
		};
		4B05EEBF08840E8D00D809E1 /* Frameworks */ = {
			isa = PBXFrameworksBuildPhase;
			buildActionMask = 2147483647;
			files = (
				CB57CC2E086CC5EC0055B760 /* libPublicPlugIn.a in Frameworks */,
				4B05EF0208840EAD00D809E1 /* InDesignModelAndUI.framework in Frameworks */,
				4B05EF0308840EAD00D809E1 /* Carbon.framework in Frameworks */,
			);
			runOnlyForDeploymentPostprocessing = 0;
		};
/* End PBXFrameworksBuildPhase section */

/* Begin PBXGroup section */
		0B050A610883839D00D809E1 /* InDesign Libraries */ = {
			isa = PBXGroup;
			children = (
				0B57CB36086C95110055B760 /* Debug */,
				0B57CB35086C95090055B760 /* Release */,
			);
			name = "InDesign Libraries";
			sourceTree = "<group>";
		};
		0B57CB35086C95090055B760 /* Release */ = {
			isa = PBXGroup;
			children = (
				CB57CC2D086CC5EC0055B760 /* libPublicPlugIn.a */,
			);
			name = Release;
			sourceTree = "<group>";
		};
		0B57CB36086C95110055B760 /* Debug */ = {
			isa = PBXGroup;
			children = (
				CB57CB58086C9F0F0055B760 /* libPublicPlugIn.a */,
			);
			name = Debug;
			sourceTree = "<group>";
		};
		4B05EEAD08840E8D00D809E1 = {
			isa = PBXGroup;
			children = (
				4B05EEC708840E8D00D809E1 /* Source */,
				4B05EED008840E9400D809E1 /* Resources */,
				4B05EED308840E9600D809E1 /* Libraries */,
				4B05EEFC08840EAB00D809E1 /* Frameworks */,
				0B050A610883839D00D809E1 /* InDesign Libraries */,
				7F52248408AFCE1F00139994 /* xcconfig */,
				4B05EEBB08840E8D00D809E1 /* Products */,
			);
			sourceTree = "<group>";
		};
		4B05EEBB08840E8D00D809E1 /* Products */ = {
			isa = PBXGroup;
			children = (
				4B05EEBA08840E8D00D809E1 /* WriteAdReport.InDesignPlugin */,
				4B05EEC208840E8D00D809E1 /* WriteAdReport.InDesignPlugin */,
			);
			name = Products;
			sourceTree = "<group>";
		};
		4B05EEC708840E8D00D809E1 /* Source */ = {
			isa = PBXGroup;
			children = (
				9198153B139EF983009C537F /* adobe */,
				919FE947139DAAB700162BE5 /* xml */,
				919FE940139DAA6300162BE5 /* preferences */,
				91B3CA3B138F460E0048874D /* newscad.h */,
				9198154B139EFA10009C537F /* tokenizer.hpp */,
				919FE93B139DAA3C00162BE5 /* global_data.h */,
				919FE93C139DAA3C00162BE5 /* global_data.cpp */,
				91A84549138DF1B600CE5687 /* IAbstractAdReportWriter.h */,
				91B3CA3C138F48520048874D /* WriteAdReport.cpp */,
				9198152E139EF932009C537F /* Basic_Display_Ad.h */,
				9198152F139EF932009C537F /* Basic_Display_Ad.cpp */,
				91981560139EFD11009C537F /* Basic_Page.h */,
				91981561139EFD11009C537F /* Basic_Page.cpp */,
				91981551139EFCA0009C537F /* CL_Display_Ad.h */,
				91981552139EFCA0009C537F /* CL_Display_Ad.cpp */,
				919FE92A139DA97600162BE5 /* CL_Log_File.h */,
				919FE92B139DA97600162BE5 /* CL_Log_File.cpp */,
				919FE96B139DAE1600162BE5 /* XT_Assert.h */,
				919FE96C139DAE1600162BE5 /* XT_Assert.cpp */,
				919FE935139DAA0100162BE5 /* CL_NewsCadRect_ID.h */,
				919FE936139DAA0100162BE5 /* CL_NewsCadRect_ID.cpp */,
				91981520139EF5FB009C537F /* CL_Document.h */,
				91981521139EF5FB009C537F /* CL_Document.cpp */,
				9198155D139EFD03009C537F /* runarounds.cpp */,
				4B05EECB08840E9100D809E1 /* Plugin */,
			);
			name = Source;
			sourceTree = "<group>";
		};
		4B05EECB08840E9100D809E1 /* Plugin */ = {
			isa = PBXGroup;
			children = (
				4B05EECC08840E9200D809E1 /* SDKPlugInEntrypoint.cpp */,
				4B05EECD08840E9300D809E1 /* WriteAdReportNoStrip.cpp */,
				91B3CA2E138F43460048874D /* WriteAdReportFactoryList.h */,
				4B05EECF08840E9400D809E1 /* WriteAdReportID.h */,
				4B05EECE08840E9400D809E1 /* WriteAdReportID.cpp */,
			);
			name = Plugin;
			sourceTree = "<group>";
		};
		4B05EED008840E9400D809E1 /* Resources */ = {
			isa = PBXGroup;
			children = (
				67A8CF4F0905BA12008F0AC5 /* WriteAdReport.fr.rsrc */,
				678CE44609169D2700ED7B84 /* WriteAdReport.fr.rsrc */,
				4B05EED108840E9500D809E1 /* WriteAdReport.fr */,
			);
			name = Resources;
			sourceTree = "<group>";
		};
		4B05EED308840E9600D809E1 /* Libraries */ = {
			isa = PBXGroup;
			children = (
				4B05EED408840E9600D809E1 /* API */,
				4B05EED908840E9C00D809E1 /* Compiler */,
				4B05EEE008840EA300D809E1 /* System */,
			);
			name = Libraries;
			sourceTree = "<group>";
		};
		4B05EED408840E9600D809E1 /* API */ = {
			isa = PBXGroup;
			children = (
				4B05EED508840E9600D809E1 /* Debug */,
				4B05EED708840E9900D809E1 /* Release */,
			);
			name = API;
			sourceTree = "<group>";
		};
		4B05EED508840E9600D809E1 /* Debug */ = {
			isa = PBXGroup;
			children = (
			);
			name = Debug;
			sourceTree = "<group>";
		};
		4B05EED708840E9900D809E1 /* Release */ = {
			isa = PBXGroup;
			children = (
			);
			name = Release;
			sourceTree = "<group>";
		};
		4B05EED908840E9C00D809E1 /* Compiler */ = {
			isa = PBXGroup;
			children = (
				4B05EEDA08840E9C00D809E1 /* Debug */,
				4B05EEDD08840EA000D809E1 /* Release */,
			);
			name = Compiler;
			sourceTree = "<group>";
		};
		4B05EEDA08840E9C00D809E1 /* Debug */ = {
			isa = PBXGroup;
			children = (
			);
			name = Debug;
			sourceTree = "<group>";
		};
		4B05EEDD08840EA000D809E1 /* Release */ = {
			isa = PBXGroup;
			children = (
			);
			name = Release;
			sourceTree = "<group>";
		};
		4B05EEE008840EA300D809E1 /* System */ = {
			isa = PBXGroup;
			children = (
			);
			name = System;
			sourceTree = "<group>";
		};
		4B05EEFC08840EAB00D809E1 /* Frameworks */ = {
			isa = PBXGroup;
			children = (
				4B05EEFD08840EAB00D809E1 /* InDesignModelAndUI.framework */,
				4B05EEFF08840EAB00D809E1 /* Carbon.framework */,
				4B05EF0108840EAD00D809E1 /* InDesignModelAndUI.framework */,
			);
			name = Frameworks;
			sourceTree = "<group>";
		};
		7F52248408AFCE1F00139994 /* xcconfig */ = {
			isa = PBXGroup;
			children = (
				7FE5845808AD6DB8007DB654 /* WriteAdReportPlugin_release.xcconfig */,
				7FE5845908AD6DB8007DB654 /* WriteAdReportPlugin_debug.xcconfig */,
				7FE5845A08AD6DB8007DB654 /* WriteAdReportPlugin.xcconfig */,
			);
			name = xcconfig;
			sourceTree = "<group>";
		};
		9198153B139EF983009C537F /* adobe */ = {
			isa = PBXGroup;
			children = (
				9198153C139EF9C2009C537F /* SnpTextModelHelper.h */,
				9198153D139EF9C2009C537F /* SnpTextModelHelper.cpp */,
				91981540139EF9DE009C537F /* SnpGraphicHelper.h */,
				91981541139EF9DE009C537F /* SnpGraphicHelper.cpp */,
				91981544139EF9E8009C537F /* SDKFileHelper.h */,
				91981545139EF9EF009C537F /* SDKFileHelper.cpp */,
				91981557139EFCC2009C537F /* SDKLayoutHelper.h */,
				91981558139EFCC2009C537F /* SDKLayoutHelper.cpp */,
			);
			name = adobe;
			sourceTree = "<group>";
		};
		919FE940139DAA6300162BE5 /* preferences */ = {
			isa = PBXGroup;
			children = (
				919FE941139DAA6300162BE5 /* CL_Abstract_Prefs.h */,
				919FE942139DAA6300162BE5 /* CL_NewsCAD_Prefs.cpp */,
				919FE943139DAA6300162BE5 /* CL_NewsCAD_Prefs.h */,
			);
			name = preferences;
			path = ../shared/preferences;
			sourceTree = SOURCE_ROOT;
		};
		919FE947139DAAB700162BE5 /* xml */ = {
			isa = PBXGroup;
			children = (
				919FE948139DAAB700162BE5 /* buffer.cpp */,
				919FE949139DAAB700162BE5 /* buffer.h */,
				919FE94A139DAAB700162BE5 /* misc.h */,
				919FE94B139DAAB700162BE5 /* parser.cpp */,
				919FE94C139DAAB700162BE5 /* parser.h */,
				919FE94D139DAAB700162BE5 /* scanner.cpp */,
				919FE94E139DAAB700162BE5 /* scanner.h */,
				919FE94F139DAAB700162BE5 /* token.cpp */,
				919FE950139DAAB700162BE5 /* token.h */,
			);
			name = xml;
			path = ../shared/xml;
			sourceTree = SOURCE_ROOT;
		};
/* End PBXGroup section */

/* Begin PBXNativeTarget section */
		4B05EEB908840E8D00D809E1 /* Debug */ = {
			isa = PBXNativeTarget;
			buildConfigurationList = 4B05EEC308840E8D00D809E1 /* Build configuration list for PBXNativeTarget "Debug" */;
			buildPhases = (
				4B05EEB508840E8D00D809E1 /* Sources */,
				4B05EEB708840E8D00D809E1 /* Frameworks */,
				4B05EEB808840E8D00D809E1 /* Rez */,
				4B05EEB608840E8D00D809E1 /* Resources */,
			);
			buildRules = (
				4B44966A088C66F500230491 /* PBXBuildRule */,
			);
			dependencies = (
			);
			name = Debug;
			productName = Debug;
			productReference = 4B05EEBA08840E8D00D809E1 /* WriteAdReport.InDesignPlugin */;
			productType = "com.apple.product-type.framework";
		};
		4B05EEC108840E8D00D809E1 /* Release */ = {
			isa = PBXNativeTarget;
			buildConfigurationList = 4B05EEC508840E8D00D809E1 /* Build configuration list for PBXNativeTarget "Release" */;
			buildPhases = (
				4B05EEBD08840E8D00D809E1 /* Sources */,
				4B05EEBF08840E8D00D809E1 /* Frameworks */,
				4B05EEC008840E8D00D809E1 /* Rez */,
				4B05EEBE08840E8D00D809E1 /* Resources */,
			);
			buildRules = (
				0B44966A088C66F500230491 /* PBXBuildRule */,
			);
			dependencies = (
			);
			name = Release;
			productName = Release;
			productReference = 4B05EEC208840E8D00D809E1 /* WriteAdReport.InDesignPlugin */;
			productType = "com.apple.product-type.framework";
		};
/* End PBXNativeTarget section */

/* Begin PBXProject section */
		4B05EEAF08840E8D00D809E1 /* Project object */ = {
			isa = PBXProject;
			buildConfigurationList = 4B05EEB008840E8D00D809E1 /* Build configuration list for PBXProject "WriteAdReport" */;
			compatibilityVersion = "Xcode 2.4";
			hasScannedForEncodings = 0;
			mainGroup = 4B05EEAD08840E8D00D809E1;
			productRefGroup = 4B05EEBB08840E8D00D809E1 /* Products */;
			projectDirPath = "";
			projectRoot = "";
			targets = (
				4B05EEB908840E8D00D809E1 /* Debug */,
				4B05EEC108840E8D00D809E1 /* Release */,
			);
		};
/* End PBXProject section */

/* Begin PBXResourcesBuildPhase section */
		4B05EEB608840E8D00D809E1 /* Resources */ = {
			isa = PBXResourcesBuildPhase;
			buildActionMask = 2147483647;
			files = (
			);
			runOnlyForDeploymentPostprocessing = 0;
		};
		4B05EEBE08840E8D00D809E1 /* Resources */ = {
			isa = PBXResourcesBuildPhase;
			buildActionMask = 2147483647;
			files = (
			);
			runOnlyForDeploymentPostprocessing = 0;
		};
/* End PBXResourcesBuildPhase section */

/* Begin PBXRezBuildPhase section */
		4B05EEB808840E8D00D809E1 /* Rez */ = {
			isa = PBXRezBuildPhase;
			buildActionMask = 2147483647;
			files = (
				67A8CF500905BA12008F0AC5 /* WriteAdReport.fr.rsrc in Rez */,
			);
			runOnlyForDeploymentPostprocessing = 0;
		};
		4B05EEC008840E8D00D809E1 /* Rez */ = {
			isa = PBXRezBuildPhase;
			buildActionMask = 2147483647;
			files = (
				678CE44709169D2700ED7B84 /* WriteAdReport.fr.rsrc in Rez */,
			);
			runOnlyForDeploymentPostprocessing = 0;
		};
/* End PBXRezBuildPhase section */

/* Begin PBXSourcesBuildPhase section */
		4B05EEB508840E8D00D809E1 /* Sources */ = {
			isa = PBXSourcesBuildPhase;
			buildActionMask = 2147483647;
			files = (
				4B05EEF308840EA800D809E1 /* WriteAdReport.fr in Sources */,
				4B05EEF008840EA800D809E1 /* WriteAdReportNoStrip.cpp in Sources */,
				4B05EEF108840EA800D809E1 /* WriteAdReportID.cpp in Sources */,
				4B05EEF908840EA800D809E1 /* SDKPlugInEntrypoint.cpp in Sources */,
				91B3CA3E138F48520048874D /* WriteAdReport.cpp in Sources */,
				919FE92D139DA97600162BE5 /* CL_Log_File.cpp in Sources */,
				919FE938139DAA0100162BE5 /* CL_NewsCadRect_ID.cpp in Sources */,
				919FE93E139DAA3C00162BE5 /* global_data.cpp in Sources */,
				919FE945139DAA6300162BE5 /* CL_NewsCAD_Prefs.cpp in Sources */,
				919FE955139DAAB700162BE5 /* buffer.cpp in Sources */,
				919FE956139DAAB700162BE5 /* parser.cpp in Sources */,
				919FE957139DAAB700162BE5 /* scanner.cpp in Sources */,
				919FE958139DAAB700162BE5 /* token.cpp in Sources */,
				919FE96E139DAE1600162BE5 /* XT_Assert.cpp in Sources */,
				91981523139EF5FB009C537F /* CL_Document.cpp in Sources */,
				91981531139EF932009C537F /* Basic_Display_Ad.cpp in Sources */,
				9198153F139EF9C2009C537F /* SnpTextModelHelper.cpp in Sources */,
				91981543139EF9DE009C537F /* SnpGraphicHelper.cpp in Sources */,
				91981547139EF9EF009C537F /* SDKFileHelper.cpp in Sources */,
				91981554139EFCA0009C537F /* CL_Display_Ad.cpp in Sources */,
				9198155A139EFCC2009C537F /* SDKLayoutHelper.cpp in Sources */,
				9198155F139EFD03009C537F /* runarounds.cpp in Sources */,
				91981563139EFD11009C537F /* Basic_Page.cpp in Sources */,
			);
			runOnlyForDeploymentPostprocessing = 0;
		};
		4B05EEBD08840E8D00D809E1 /* Sources */ = {
			isa = PBXSourcesBuildPhase;
			buildActionMask = 2147483647;
			files = (
				4B05EEE608840EA800D809E1 /* WriteAdReport.fr in Sources */,
				4B05EEE308840EA800D809E1 /* WriteAdReportNoStrip.cpp in Sources */,
				4B05EEE408840EA800D809E1 /* WriteAdReportID.cpp in Sources */,
				4B05EEEC08840EA800D809E1 /* SDKPlugInEntrypoint.cpp in Sources */,
				91B3CA3D138F48520048874D /* WriteAdReport.cpp in Sources */,
				919FE92C139DA97600162BE5 /* CL_Log_File.cpp in Sources */,
				919FE937139DAA0100162BE5 /* CL_NewsCadRect_ID.cpp in Sources */,
				919FE93D139DAA3C00162BE5 /* global_data.cpp in Sources */,
				919FE944139DAA6300162BE5 /* CL_NewsCAD_Prefs.cpp in Sources */,
				919FE951139DAAB700162BE5 /* buffer.cpp in Sources */,
				919FE952139DAAB700162BE5 /* parser.cpp in Sources */,
				919FE953139DAAB700162BE5 /* scanner.cpp in Sources */,
				919FE954139DAAB700162BE5 /* token.cpp in Sources */,
				919FE96D139DAE1600162BE5 /* XT_Assert.cpp in Sources */,
				91981522139EF5FB009C537F /* CL_Document.cpp in Sources */,
				91981530139EF932009C537F /* Basic_Display_Ad.cpp in Sources */,
				9198153E139EF9C2009C537F /* SnpTextModelHelper.cpp in Sources */,
				91981542139EF9DE009C537F /* SnpGraphicHelper.cpp in Sources */,
				91981546139EF9EF009C537F /* SDKFileHelper.cpp in Sources */,
				91981553139EFCA0009C537F /* CL_Display_Ad.cpp in Sources */,
				91981559139EFCC2009C537F /* SDKLayoutHelper.cpp in Sources */,
				9198155E139EFD03009C537F /* runarounds.cpp in Sources */,
				91981562139EFD11009C537F /* Basic_Page.cpp in Sources */,
			);
			runOnlyForDeploymentPostprocessing = 0;
		};
/* End PBXSourcesBuildPhase section */

/* Begin XCBuildConfiguration section */
		4B05EEB108840E8D00D809E1 /* Default */ = {
			isa = XCBuildConfiguration;
			baseConfigurationReference = 7FE5845A08AD6DB8007DB654 /* WriteAdReportPlugin.xcconfig */;
			buildSettings = {
				GCC_ENABLE_CPP_EXCEPTIONS = YES;
				GCC_ENABLE_CPP_RTTI = YES;
				GCC_TREAT_WARNINGS_AS_ERRORS = YES;
				HEADER_SEARCH_PATHS = (
					"$(HEADER_SEARCH_PATHS)",
					../../../source/precomp/msvc,
					../../../source/public/interfaces/xmedia,
					../../../source/public/interfaces/preflight,
					../../../source/public/interfaces/ui,
					../../../source/public/interfaces/tables,
					../../../source/public/interfaces/text,
					../../../source/public/interfaces/graphics,
					../../../source/public/libs/widgetbin/includes,
					../../../source/public/interfaces/workgroup,
					../../../source/public/interfaces/interactive,
					../../../source/public/interfaces/interactive/ui,
					../../../source/public/interfaces/colormgmt,
					../../../source/public/interfaces/utils,
					../../../source/public/interfaces/incopy,
					../../../source/public/interfaces/layout,
					../../../source/public/interfaces/architecture,
					../../../source/public/interfaces/cjk,
					../../../source/precomp/common,
					../../../source/public/includes,
					../../../source/public/libs/publiclib/plugins,
					../../../source/public/libs/publiclib/files,
					../../../source/public/libs/publiclib/objectmodel,
					../../../external/asl/boost_libraries,
					../../../source/sdksamples/common,
					../../../external/afl/includes,
					../write_ad_report/headers,
				);
				INFOPLIST_FILE = ../../../source/sdksamples/common/Info.plist;
				INFOPLIST_PREPROCESS = YES;
				PRODUCT_NAME = WriteAdReport;
			};
			name = Default;
		};
		4B05EEC408840E8D00D809E1 /* Default */ = {
			isa = XCBuildConfiguration;
			baseConfigurationReference = 7FE5845908AD6DB8007DB654 /* WriteAdReportPlugin_debug.xcconfig */;
			buildSettings = {
				BUILT_PRODUCTS_DIR = "$(SRCROOT)/../debug";
				INFOPLIST_PREPROCESS = YES;
			};
			name = Default;
		};
		4B05EEC608840E8D00D809E1 /* Default */ = {
			isa = XCBuildConfiguration;
			baseConfigurationReference = 7FE5845808AD6DB8007DB654 /* WriteAdReportPlugin_release.xcconfig */;
			buildSettings = {
				BUILT_PRODUCTS_DIR = "$(SRCROOT)/../release";
				INFOPLIST_PREPROCESS = YES;
			};
			name = Default;
		};
/* End XCBuildConfiguration section */

/* Begin XCConfigurationList section */
		4B05EEB008840E8D00D809E1 /* Build configuration list for PBXProject "WriteAdReport" */ = {
			isa = XCConfigurationList;
			buildConfigurations = (
				4B05EEB108840E8D00D809E1 /* Default */,
			);
			defaultConfigurationIsVisible = 1;
			defaultConfigurationName = Default;
		};
		4B05EEC308840E8D00D809E1 /* Build configuration list for PBXNativeTarget "Debug" */ = {
			isa = XCConfigurationList;
			buildConfigurations = (
				4B05EEC408840E8D00D809E1 /* Default */,
			);
			defaultConfigurationIsVisible = 0;
			defaultConfigurationName = Default;
		};
		4B05EEC508840E8D00D809E1 /* Build configuration list for PBXNativeTarget "Release" */ = {
			isa = XCConfigurationList;
			buildConfigurations = (
				4B05EEC608840E8D00D809E1 /* Default */,
			);
			defaultConfigurationIsVisible = 0;
			defaultConfigurationName = Default;
		};
/* End XCConfigurationList section */
	};
	rootObject = 4B05EEAF08840E8D00D809E1 /* Project object */;
}
